// !$*UTF8*$!
{
	archiveVersion = 1;
	classes = {
	};
	objectVersion = 77;
	objects = {

/* Begin PBXBuildFile section */
		35084A8B2F88BA1600A409D4 /* WatchWorkoutCommand.swift in Sources */ = {isa = PBXBuildFile; fileRef = 35084A882F88BA1600A409D4 /* WatchWorkoutCommand.swift */; };
		35084A8C2F88BA1600A409D4 /* ActiveWorkoutSnapshot.swift in Sources */ = {isa = PBXBuildFile; fileRef = 35084A862F88BA1600A409D4 /* ActiveWorkoutSnapshot.swift */; };
		35084A8D2F88BA1600A409D4 /* WatchRuntimeMessages.swift in Sources */ = {isa = PBXBuildFile; fileRef = 35084A872F88BA1600A409D4 /* WatchRuntimeMessages.swift */; };
		35084A8E2F88BA2A00A409D4 /* ActiveWorkoutSnapshot.swift in Sources */ = {isa = PBXBuildFile; fileRef = 35084A862F88BA1600A409D4 /* ActiveWorkoutSnapshot.swift */; };
		35084A8F2F88BA2D00A409D4 /* WatchRuntimeMessages.swift in Sources */ = {isa = PBXBuildFile; fileRef = 35084A872F88BA1600A409D4 /* WatchRuntimeMessages.swift */; };
		35084A902F88BA3100A409D4 /* WatchWorkoutCommand.swift in Sources */ = {isa = PBXBuildFile; fileRef = 35084A882F88BA1600A409D4 /* WatchWorkoutCommand.swift */; };
		35084A912F88BA4800A409D4 /* WatchWorkoutCommand.swift in Sources */ = {isa = PBXBuildFile; fileRef = 35084A882F88BA1600A409D4 /* WatchWorkoutCommand.swift */; };
		35084A922F88BA4B00A409D4 /* WatchRuntimeMessages.swift in Sources */ = {isa = PBXBuildFile; fileRef = 35084A872F88BA1600A409D4 /* WatchRuntimeMessages.swift */; };
		35084A932F88BA4E00A409D4 /* ActiveWorkoutSnapshot.swift in Sources */ = {isa = PBXBuildFile; fileRef = 35084A862F88BA1600A409D4 /* ActiveWorkoutSnapshot.swift */; };
		354CA66B2F535701005622B1 /* README.md in Resources */ = {isa = PBXBuildFile; fileRef = 354CA66A2F535701005622B1 /* README.md */; };
		3552C2C22F8896B80068E09B /* VillainArcWatch Watch App.app in Embed Watch Content */ = {isa = PBXBuildFile; fileRef = 3552C2B82F8896B70068E09B /* VillainArcWatch Watch App.app */; settings = {ATTRIBUTES = (RemoveHeadersOnCopy, ); }; };
		FD68290A2F31190700C83480 /* Intents.framework in Frameworks */ = {isa = PBXBuildFile; fileRef = FD6829092F31190700C83480 /* Intents.framework */; };
		FD6829112F31190700C83480 /* VillainArcIntentsExtension.appex in Embed Foundation Extensions */ = {isa = PBXBuildFile; fileRef = FD6829082F31190700C83480 /* VillainArcIntentsExtension.appex */; settings = {ATTRIBUTES = (RemoveHeadersOnCopy, ); }; };
		FD93E5E72F3051FD009569BB /* WidgetKit.framework in Frameworks */ = {isa = PBXBuildFile; fileRef = FD93E5E62F3051FD009569BB /* WidgetKit.framework */; };
		FD93E5E92F3051FD009569BB /* SwiftUI.framework in Frameworks */ = {isa = PBXBuildFile; fileRef = FD93E5E82F3051FD009569BB /* SwiftUI.framework */; };
		FD93E5F42F3051FD009569BB /* VillainArcWidgetExtensionExtension.appex in Embed Foundation Extensions */ = {isa = PBXBuildFile; fileRef = FD93E5E42F3051FD009569BB /* VillainArcWidgetExtensionExtension.appex */; settings = {ATTRIBUTES = (RemoveHeadersOnCopy, ); }; };
/* End PBXBuildFile section */

/* Begin PBXContainerItemProxy section */
		3552C2C02F8896B80068E09B /* PBXContainerItemProxy */ = {
			isa = PBXContainerItemProxy;
			containerPortal = FDA193882F16D14500CA57C5 /* Project object */;
			proxyType = 1;
			remoteGlobalIDString = 3552C2B72F8896B70068E09B;
			remoteInfo = "VillainArcWatch Watch App";
		};
		FD6824602F33A712009F6D98 /* PBXContainerItemProxy */ = {
			isa = PBXContainerItemProxy;
			containerPortal = FDA193882F16D14500CA57C5 /* Project object */;
			proxyType = 1;
			remoteGlobalIDString = FDA1938F2F16D14500CA57C5;
			remoteInfo = VillainArc;
		};
		FD68290F2F31190700C83480 /* PBXContainerItemProxy */ = {
			isa = PBXContainerItemProxy;
			containerPortal = FDA193882F16D14500CA57C5 /* Project object */;
			proxyType = 1;
			remoteGlobalIDString = FD6829072F31190700C83480;
			remoteInfo = VillainArcIntentsExtension;
		};
		FD93E5F22F3051FD009569BB /* PBXContainerItemProxy */ = {
			isa = PBXContainerItemProxy;
			containerPortal = FDA193882F16D14500CA57C5 /* Project object */;
			proxyType = 1;
			remoteGlobalIDString = FD93E5E32F3051FD009569BB;
			remoteInfo = VillainArcWidgetExtensionExtension;
		};
/* End PBXContainerItemProxy section */

/* Begin PBXCopyFilesBuildPhase section */
		3552C2C62F8896B80068E09B /* Embed Watch Content */ = {
			isa = PBXCopyFilesBuildPhase;
			buildActionMask = 2147483647;
			dstPath = "$(CONTENTS_FOLDER_PATH)/Watch";
			dstSubfolderSpec = 16;
			files = (
				3552C2C22F8896B80068E09B /* VillainArcWatch Watch App.app in Embed Watch Content */,
			);
			name = "Embed Watch Content";
			runOnlyForDeploymentPostprocessing = 0;
		};
		FD18C78A2F248B3000EB287C /* Embed ExtensionKit Extensions */ = {
			isa = PBXCopyFilesBuildPhase;
			buildActionMask = 2147483647;
			dstPath = "$(EXTENSIONS_FOLDER_PATH)";
			dstSubfolderSpec = 16;
			files = (
			);
			name = "Embed ExtensionKit Extensions";
			runOnlyForDeploymentPostprocessing = 0;
		};
		FD93E5F92F3051FE009569BB /* Embed Foundation Extensions */ = {
			isa = PBXCopyFilesBuildPhase;
			buildActionMask = 2147483647;
			dstPath = "";
			dstSubfolderSpec = 13;
			files = (
				FD6829112F31190700C83480 /* VillainArcIntentsExtension.appex in Embed Foundation Extensions */,
				FD93E5F42F3051FD009569BB /* VillainArcWidgetExtensionExtension.appex in Embed Foundation Extensions */,
			);
			name = "Embed Foundation Extensions";
			runOnlyForDeploymentPostprocessing = 0;
		};
/* End PBXCopyFilesBuildPhase section */

/* Begin PBXFileReference section */
		35084A862F88BA1600A409D4 /* ActiveWorkoutSnapshot.swift */ = {isa = PBXFileReference; lastKnownFileType = sourcecode.swift; path = ActiveWorkoutSnapshot.swift; sourceTree = "<group>"; };
		35084A872F88BA1600A409D4 /* WatchRuntimeMessages.swift */ = {isa = PBXFileReference; lastKnownFileType = sourcecode.swift; path = WatchRuntimeMessages.swift; sourceTree = "<group>"; };
		35084A882F88BA1600A409D4 /* WatchWorkoutCommand.swift */ = {isa = PBXFileReference; lastKnownFileType = sourcecode.swift; path = WatchWorkoutCommand.swift; sourceTree = "<group>"; };
		354CA66A2F535701005622B1 /* README.md */ = {isa = PBXFileReference; lastKnownFileType = net.daringfireball.markdown; path = README.md; sourceTree = "<group>"; };
		3552C2B82F8896B70068E09B /* VillainArcWatch Watch App.app */ = {isa = PBXFileReference; explicitFileType = wrapper.application; includeInIndex = 0; path = "VillainArcWatch Watch App.app"; sourceTree = BUILT_PRODUCTS_DIR; };
		FD68245C2F33A712009F6D98 /* VillainArcTests.xctest */ = {isa = PBXFileReference; explicitFileType = wrapper.cfbundle; includeInIndex = 0; path = VillainArcTests.xctest; sourceTree = BUILT_PRODUCTS_DIR; };
		FD6829082F31190700C83480 /* VillainArcIntentsExtension.appex */ = {isa = PBXFileReference; explicitFileType = "wrapper.app-extension"; includeInIndex = 0; path = VillainArcIntentsExtension.appex; sourceTree = BUILT_PRODUCTS_DIR; };
		FD6829092F31190700C83480 /* Intents.framework */ = {isa = PBXFileReference; lastKnownFileType = wrapper.framework; name = Intents.framework; path = System/Library/Frameworks/Intents.framework; sourceTree = SDKROOT; };
		FD93E5E42F3051FD009569BB /* VillainArcWidgetExtensionExtension.appex */ = {isa = PBXFileReference; explicitFileType = "wrapper.app-extension"; includeInIndex = 0; path = VillainArcWidgetExtensionExtension.appex; sourceTree = BUILT_PRODUCTS_DIR; };
		FD93E5E62F3051FD009569BB /* WidgetKit.framework */ = {isa = PBXFileReference; lastKnownFileType = wrapper.framework; name = WidgetKit.framework; path = System/Library/Frameworks/WidgetKit.framework; sourceTree = SDKROOT; };
		FD93E5E82F3051FD009569BB /* SwiftUI.framework */ = {isa = PBXFileReference; lastKnownFileType = wrapper.framework; name = SwiftUI.framework; path = System/Library/Frameworks/SwiftUI.framework; sourceTree = SDKROOT; };
		FD93E5FA2F305206009569BB /* VillainArcWidgetExtensionExtension.entitlements */ = {isa = PBXFileReference; lastKnownFileType = text.plist.entitlements; path = VillainArcWidgetExtensionExtension.entitlements; sourceTree = "<group>"; };
		FDA193902F16D14500CA57C5 /* VillainArc.app */ = {isa = PBXFileReference; explicitFileType = wrapper.application; includeInIndex = 0; path = VillainArc.app; sourceTree = BUILT_PRODUCTS_DIR; };
		FDA193A12F16F90000CA57C5 /* .gitignore */ = {isa = PBXFileReference; lastKnownFileType = text; path = .gitignore; sourceTree = "<group>"; };
/* End PBXFileReference section */

/* Begin PBXFileSystemSynchronizedBuildFileExceptionSet section */
		3552C2D12F8899920068E09B /* Exceptions for "VillainArc" folder in "VillainArcWatch Watch App" target */ = {
			isa = PBXFileSystemSynchronizedBuildFileExceptionSet;
			membershipExceptions = (
				Data/Models/AppSettings.swift,
				Data/Models/Enums/Exercise/EquipmentType.swift,
				Data/Models/Enums/Exercise/ExerciseSetType.swift,
				Data/Models/Enums/Exercise/Muscle.swift,
				Data/Models/Enums/Exercise/RepRangeMode.swift,
				Data/Models/Enums/Health/StepsEventNotificationMode.swift,
				Data/Models/Enums/Health/WeightGoalEndReason.swift,
				Data/Models/Enums/Health/WeightGoalType.swift,
				Data/Models/Enums/Sessions/HealthCollectionMode.swift,
				Data/Models/Enums/Sessions/MoodLevel.swift,
				Data/Models/Enums/Sessions/SessionStatus.swift,
				Data/Models/Enums/SplitMode.swift,
				Data/Models/Enums/Suggestions/ChangeType.swift,
				Data/Models/Enums/Suggestions/Decision.swift,
				Data/Models/Enums/Suggestions/DecisionReason.swift,
				Data/Models/Enums/Suggestions/Outcome.swift,
				Data/Models/Enums/Suggestions/SuggestionCategory.swift,
				Data/Models/Enums/Suggestions/SuggestionConfidenceTier.swift,
				Data/Models/Enums/Suggestions/SuggestionRule.swift,
				Data/Models/Enums/Suggestions/SuggestionSource.swift,
				Data/Models/Enums/Suggestions/TrainingStyle.swift,
				Data/Models/Enums/Suggestions/UserFeedback.swift,
				Data/Models/Enums/Training/TrainingConditionKind.swift,
				Data/Models/Enums/Training/TrainingImpact.swift,
				Data/Models/Enums/Units/DistanceUnit.swift,
				Data/Models/Enums/Units/EnergyUnit.swift,
				Data/Models/Enums/Units/HeightUnit.swift,
				Data/Models/Enums/Units/WeightUnit.swift,
				Data/Models/Exercise/Exercise.swift,
				Data/Models/Exercise/ExerciseCatalog.swift,
				Data/Models/Exercise/ExerciseHistory.swift,
				Data/Models/Exercise/ProgressionPoint.swift,
				Data/Models/Exercise/RepRangePolicy.swift,
				Data/Models/Exercise/RestTimeDefaults.swift,
				Data/Models/Health/HealthEnergy.swift,
				Data/Models/Health/HealthKitCatalog.swift,
				Data/Models/Health/HealthSleepBlock.swift,
				Data/Models/Health/HealthSleepNight.swift,
				Data/Models/Health/HealthStepsDistance.swift,
				Data/Models/Health/HealthSyncState.swift,
				Data/Models/Health/HealthWorkout.swift,
				Data/Models/Health/StepsGoal.swift,
				Data/Models/Health/WeightEntry.swift,
				Data/Models/Health/WeightGoal.swift,
				Data/Models/Plans/ExercisePrescription.swift,
				Data/Models/Plans/SetPrescription.swift,
				Data/Models/Plans/WorkoutPlan.swift,
				Data/Models/RestTimeHistory.swift,
				Data/Models/Sessions/ExercisePerformance.swift,
				Data/Models/Sessions/PreWorkoutContext.swift,
				Data/Models/Sessions/SetPerformance.swift,
				Data/Models/Sessions/WorkoutSession.swift,
				Data/Models/Suggestions/PrescriptionChange.swift,
				Data/Models/Suggestions/SuggestionEvaluation.swift,
				Data/Models/Suggestions/SuggestionEvent.swift,
				Data/Models/Suggestions/SuggestionSnapshots.swift,
				Data/Models/Training/TrainingConditionPeriod.swift,
				Data/Models/UserProfile.swift,
				Data/Models/WorkoutSplit/WorkoutSplit.swift,
				Data/Models/WorkoutSplit/WorkoutSplitDay.swift,
				Data/Protocols/RestTimeEditable.swift,
				Data/SharedModelContainer.swift,
				Helpers/ExerciseSearch.swift,
				Helpers/FormattingHelpers.swift,
				Helpers/TextNormalization.swift,
			);
			target = 3552C2B72F8896B70068E09B /* VillainArcWatch Watch App */;
		};
		FD6829152F31190700C83480 /* Exceptions for "VillainArcIntentsExtension" folder in "VillainArcIntentsExtension" target */ = {
			isa = PBXFileSystemSynchronizedBuildFileExceptionSet;
			membershipExceptions = (
				Info.plist,
			);
			target = FD6829072F31190700C83480 /* VillainArcIntentsExtension */;
		};
		FD93E5F52F3051FD009569BB /* Exceptions for "VillainArcWidgetExtension" folder in "VillainArcWidgetExtensionExtension" target */ = {
			isa = PBXFileSystemSynchronizedBuildFileExceptionSet;
			membershipExceptions = (
				Info.plist,
			);
			target = FD93E5E32F3051FD009569BB /* VillainArcWidgetExtensionExtension */;
		};
		FD93E5FC2F305224009569BB /* Exceptions for "VillainArc" folder in "VillainArc" target */ = {
			isa = PBXFileSystemSynchronizedBuildFileExceptionSet;
			membershipExceptions = (
				Documentation/AI_USAGE.md,
				Documentation/ARCHITECTURE.md,
				Documentation/EXERCISE_HISTORY_FLOW.md,
				Documentation/HEALTHKIT_INTEGRATION.md,
				Documentation/ONBOARDING_FLOW.md,
				Documentation/PLAN_EDITING_FLOW.md,
				Documentation/PROJECT_GUIDE.md,
				Documentation/SESSION_LIFECYCLE_FLOW.md,
				Documentation/SUGGESTION_AND_OUTCOME_FLOW.md,
				Documentation/TRAINING_CONTEXT_ROADMAP.md,
				Info.plist,
			);
			target = FDA1938F2F16D14500CA57C5 /* VillainArc */;
		};
		FD93E60D2F305327009569BB /* Exceptions for "VillainArc" folder in "VillainArcWidgetExtensionExtension" target */ = {
			isa = PBXFileSystemSynchronizedBuildFileExceptionSet;
			membershipExceptions = (
				Data/LiveActivity/WorkoutActivityAttributes.swift,
				Data/LiveActivity/WorkoutActivityManager.swift,
				Data/Models/AppSettings.swift,
				Data/Models/Enums/AppTab.swift,
				Data/Models/Enums/Exercise/EquipmentType.swift,
				Data/Models/Enums/Exercise/ExerciseSetType.swift,
				Data/Models/Enums/Exercise/Muscle.swift,
				Data/Models/Enums/Exercise/MuscleGroups.swift,
				Data/Models/Enums/Exercise/RepRangeMode.swift,
				Data/Models/Enums/Health/StepsEventNotificationMode.swift,
				Data/Models/Enums/Health/WeightGoalEndReason.swift,
				Data/Models/Enums/Health/WeightGoalType.swift,
				Data/Models/Enums/Sessions/HealthCollectionMode.swift,
				Data/Models/Enums/Sessions/MoodLevel.swift,
				Data/Models/Enums/Sessions/SessionStatus.swift,
				Data/Models/Enums/SplitMode.swift,
				Data/Models/Enums/Suggestions/ChangeType.swift,
				Data/Models/Enums/Suggestions/Decision.swift,
				Data/Models/Enums/Suggestions/DecisionReason.swift,
				Data/Models/Enums/Suggestions/Outcome.swift,
				Data/Models/Enums/Suggestions/SuggestionCategory.swift,
				Data/Models/Enums/Suggestions/SuggestionConfidenceTier.swift,
				Data/Models/Enums/Suggestions/SuggestionRule.swift,
				Data/Models/Enums/Suggestions/SuggestionSource.swift,
				Data/Models/Enums/Suggestions/TrainingStyle.swift,
				Data/Models/Enums/Suggestions/UserFeedback.swift,
				Data/Models/Enums/Training/TrainingConditionKind.swift,
				Data/Models/Enums/Training/TrainingImpact.swift,
				Data/Models/Enums/Units/DistanceUnit.swift,
				Data/Models/Enums/Units/EnergyUnit.swift,
				Data/Models/Enums/Units/HeightUnit.swift,
				Data/Models/Enums/Units/WeightUnit.swift,
				Data/Models/Exercise/Exercise.swift,
				Data/Models/Exercise/ExerciseCatalog.swift,
				Data/Models/Exercise/ExerciseHistory.swift,
				Data/Models/Exercise/ProgressionPoint.swift,
				Data/Models/Exercise/RepRangePolicy.swift,
				Data/Models/Exercise/RestTimeDefaults.swift,
				Data/Models/Health/HealthEnergy.swift,
				Data/Models/Health/HealthKitCatalog.swift,
				Data/Models/Health/HealthSleepBlock.swift,
				Data/Models/Health/HealthSleepNight.swift,
				Data/Models/Health/HealthStepsDistance.swift,
				Data/Models/Health/HealthSyncState.swift,
				Data/Models/Health/HealthWorkout.swift,
				Data/Models/Health/StepsGoal.swift,
				Data/Models/Health/WeightEntry.swift,
				Data/Models/Health/WeightGoal.swift,
				Data/Models/Plans/ExercisePrescription.swift,
				Data/Models/Plans/SetPrescription.swift,
				Data/Models/Plans/WorkoutPlan.swift,
				"Data/Models/Plans/WorkoutPlan+Editing.swift",
				Data/Models/RestTimeHistory.swift,
				Data/Models/Sessions/ExercisePerformance.swift,
				Data/Models/Sessions/PreWorkoutContext.swift,
				Data/Models/Sessions/SetPerformance.swift,
				Data/Models/Sessions/WorkoutSession.swift,
				Data/Models/Suggestions/PrescriptionChange.swift,
				Data/Models/Suggestions/SuggestionEvaluation.swift,
				Data/Models/Suggestions/SuggestionEvent.swift,
				Data/Models/Suggestions/SuggestionGrouping.swift,
				Data/Models/Suggestions/SuggestionSnapshots.swift,
				Data/Models/Training/TrainingConditionPeriod.swift,
				Data/Models/UserProfile.swift,
				Data/Models/WorkoutSplit/WorkoutSplit.swift,
				Data/Models/WorkoutSplit/WorkoutSplitDay.swift,
				Data/Protocols/RestTimeEditable.swift,
				Data/Services/AI/Shared/FoundationModelPrewarmer.swift,
				Data/Services/App/AppRouter.swift,
				Data/Services/App/DataManager.swift,
				Data/Services/App/NotificationCoordinator.swift,
				Data/Services/App/SetupGuard.swift,
				Data/Services/App/SpotlightIndexer.swift,
				Data/Services/HealthKit/Authorization/HealthAuthorizationManager.swift,
				Data/Services/HealthKit/HealthMirrorSupport.swift,
				Data/Services/HealthKit/Live/HealthLiveWorkoutSessionCoordinator.swift,
				Data/Services/HealthKit/Live/WorkoutMirroringCoordinator.swift,
				Data/Services/HealthKit/Sync/StepsCoachingEvaluator.swift,
				Data/Services/Training/SplitScheduleResolver.swift,
				Data/Services/Training/TrainingConditionStore.swift,
				Data/Services/Workout/RestTimerState.swift,
				Data/SharedModelContainer.swift,
				Helpers/ExerciseSearch.swift,
				Helpers/FormattingHelpers.swift,
				Helpers/Haptics.swift,
				Helpers/TextNormalization.swift,
				Intents/Exercise/ExerciseEntity.swift,
				Intents/LiveActivity/LiveActivityAddExerciseIntent.swift,
				Intents/LiveActivity/LiveActivityCompleteSetIntent.swift,
				Intents/LiveActivity/LiveActivityPauseRestTimerIntent.swift,
				Intents/LiveActivity/LiveActivityResumeRestTimerIntent.swift,
				Intents/OpenAppIntent.swift,
				Intents/Workout/OpenActiveWorkoutIntent.swift,
				Intents/Workout/StartWorkoutIntent.swift,
				Intents/Workout/WorkoutSessionEntity.swift,
				Intents/WorkoutPlan/WorkoutPlanEntity.swift,
				Intents/WorkoutSplit/CreateWorkoutSplitIntent.swift,
				Intents/WorkoutSplit/ManageWorkoutSplitsIntent.swift,
				Intents/WorkoutSplit/OpenWorkoutSplitIntent.swift,
				Intents/WorkoutSplit/StartTodaysWorkoutIntent.swift,
				Intents/WorkoutSplit/WorkoutSplitEntity.swift,
				Views/Components/Overlays/ToastManager.swift,
				Views/MorphingTabBar.swift,
			);
			target = FD93E5E32F3051FD009569BB /* VillainArcWidgetExtensionExtension */;
		};
/* End PBXFileSystemSynchronizedBuildFileExceptionSet section */

/* Begin PBXFileSystemSynchronizedRootGroup section */
		3552C2B92F8896B70068E09B /* VillainArcWatch Watch App */ = {
			isa = PBXFileSystemSynchronizedRootGroup;
			path = "VillainArcWatch Watch App";
			sourceTree = "<group>";
		};
		FD68245D2F33A712009F6D98 /* VillainArcTests */ = {
			isa = PBXFileSystemSynchronizedRootGroup;
			path = VillainArcTests;
			sourceTree = "<group>";
		};
		FD68290B2F31190700C83480 /* VillainArcIntentsExtension */ = {
			isa = PBXFileSystemSynchronizedRootGroup;
			exceptions = (
				FD6829152F31190700C83480 /* Exceptions for "VillainArcIntentsExtension" folder in "VillainArcIntentsExtension" target */,
			);
			path = VillainArcIntentsExtension;
			sourceTree = "<group>";
		};
		FD93E5EA2F3051FD009569BB /* VillainArcWidgetExtension */ = {
			isa = PBXFileSystemSynchronizedRootGroup;
			exceptions = (
				FD93E5F52F3051FD009569BB /* Exceptions for "VillainArcWidgetExtension" folder in "VillainArcWidgetExtensionExtension" target */,
			);
			path = VillainArcWidgetExtension;
			sourceTree = "<group>";
		};
		FDA193922F16D14500CA57C5 /* VillainArc */ = {
			isa = PBXFileSystemSynchronizedRootGroup;
			exceptions = (
				FD93E5FC2F305224009569BB /* Exceptions for "VillainArc" folder in "VillainArc" target */,
				FD93E60D2F305327009569BB /* Exceptions for "VillainArc" folder in "VillainArcWidgetExtensionExtension" target */,
				3552C2D12F8899920068E09B /* Exceptions for "VillainArc" folder in "VillainArcWatch Watch App" target */,
			);
			path = VillainArc;
			sourceTree = "<group>";
		};
/* End PBXFileSystemSynchronizedRootGroup section */

/* Begin PBXFrameworksBuildPhase section */
		3552C2B52F8896B70068E09B /* Frameworks */ = {
			isa = PBXFrameworksBuildPhase;
			buildActionMask = 2147483647;
			files = (
			);
			runOnlyForDeploymentPostprocessing = 0;
		};
		FD6824592F33A712009F6D98 /* Frameworks */ = {
			isa = PBXFrameworksBuildPhase;
			buildActionMask = 2147483647;
			files = (
			);
			runOnlyForDeploymentPostprocessing = 0;
		};
		FD6829052F31190700C83480 /* Frameworks */ = {
			isa = PBXFrameworksBuildPhase;
			buildActionMask = 2147483647;
			files = (
				FD68290A2F31190700C83480 /* Intents.framework in Frameworks */,
			);
			runOnlyForDeploymentPostprocessing = 0;
		};
		FD93E5E12F3051FD009569BB /* Frameworks */ = {
			isa = PBXFrameworksBuildPhase;
			buildActionMask = 2147483647;
			files = (
				FD93E5E92F3051FD009569BB /* SwiftUI.framework in Frameworks */,
				FD93E5E72F3051FD009569BB /* WidgetKit.framework in Frameworks */,
			);
			runOnlyForDeploymentPostprocessing = 0;
		};
		FDA1938D2F16D14500CA57C5 /* Frameworks */ = {
			isa = PBXFrameworksBuildPhase;
			buildActionMask = 2147483647;
			files = (
			);
			runOnlyForDeploymentPostprocessing = 0;
		};
/* End PBXFrameworksBuildPhase section */

/* Begin PBXGroup section */
		35084A892F88BA1600A409D4 /* WatchCommunication */ = {
			isa = PBXGroup;
			children = (
				35084A862F88BA1600A409D4 /* ActiveWorkoutSnapshot.swift */,
				35084A872F88BA1600A409D4 /* WatchRuntimeMessages.swift */,
				35084A882F88BA1600A409D4 /* WatchWorkoutCommand.swift */,
			);
			path = WatchCommunication;
			sourceTree = "<group>";
		};
		35084A8A2F88BA1600A409D4 /* Shared */ = {
			isa = PBXGroup;
			children = (
				35084A892F88BA1600A409D4 /* WatchCommunication */,
			);
			path = Shared;
			sourceTree = "<group>";
		};
		FD93E5E52F3051FD009569BB /* Frameworks */ = {
			isa = PBXGroup;
			children = (
				FD93E5E62F3051FD009569BB /* WidgetKit.framework */,
				FD93E5E82F3051FD009569BB /* SwiftUI.framework */,
				FD6829092F31190700C83480 /* Intents.framework */,
			);
			name = Frameworks;
			sourceTree = "<group>";
		};
		FDA193872F16D14500CA57C5 = {
			isa = PBXGroup;
			children = (
				354CA66A2F535701005622B1 /* README.md */,
				FD93E5FA2F305206009569BB /* VillainArcWidgetExtensionExtension.entitlements */,
				FDA193A12F16F90000CA57C5 /* .gitignore */,
				FDA193922F16D14500CA57C5 /* VillainArc */,
				FD93E5EA2F3051FD009569BB /* VillainArcWidgetExtension */,
				FD68290B2F31190700C83480 /* VillainArcIntentsExtension */,
				FD68245D2F33A712009F6D98 /* VillainArcTests */,
				3552C2B92F8896B70068E09B /* VillainArcWatch Watch App */,
				FD93E5E52F3051FD009569BB /* Frameworks */,
				FDA193912F16D14500CA57C5 /* Products */,
				35084A8A2F88BA1600A409D4 /* Shared */,
			);
			sourceTree = "<group>";
		};
		FDA193912F16D14500CA57C5 /* Products */ = {
			isa = PBXGroup;
			children = (
				FDA193902F16D14500CA57C5 /* VillainArc.app */,
				FD93E5E42F3051FD009569BB /* VillainArcWidgetExtensionExtension.appex */,
				FD6829082F31190700C83480 /* VillainArcIntentsExtension.appex */,
				FD68245C2F33A712009F6D98 /* VillainArcTests.xctest */,
				3552C2B82F8896B70068E09B /* VillainArcWatch Watch App.app */,
			);
			name = Products;
			sourceTree = "<group>";
		};
/* End PBXGroup section */

/* Begin PBXNativeTarget section */
		3552C2B72F8896B70068E09B /* VillainArcWatch Watch App */ = {
			isa = PBXNativeTarget;
			buildConfigurationList = 3552C2C32F8896B80068E09B /* Build configuration list for PBXNativeTarget "VillainArcWatch Watch App" */;
			buildPhases = (
				3552C2B42F8896B70068E09B /* Sources */,
				3552C2B52F8896B70068E09B /* Frameworks */,
				3552C2B62F8896B70068E09B /* Resources */,
			);
			buildRules = (
			);
			dependencies = (
			);
			fileSystemSynchronizedGroups = (
				3552C2B92F8896B70068E09B /* VillainArcWatch Watch App */,
			);
			name = "VillainArcWatch Watch App";
			packageProductDependencies = (
			);
			productName = "VillainArcWatch Watch App";
			productReference = 3552C2B82F8896B70068E09B /* VillainArcWatch Watch App.app */;
			productType = "com.apple.product-type.application";
		};
		FD68245B2F33A712009F6D98 /* VillainArcTests */ = {
			isa = PBXNativeTarget;
			buildConfigurationList = FD6824642F33A712009F6D98 /* Build configuration list for PBXNativeTarget "VillainArcTests" */;
			buildPhases = (
				FD6824582F33A712009F6D98 /* Sources */,
				FD6824592F33A712009F6D98 /* Frameworks */,
				FD68245A2F33A712009F6D98 /* Resources */,
			);
			buildRules = (
			);
			dependencies = (
				FD6824612F33A712009F6D98 /* PBXTargetDependency */,
			);
			fileSystemSynchronizedGroups = (
				FD68245D2F33A712009F6D98 /* VillainArcTests */,
			);
			name = VillainArcTests;
			packageProductDependencies = (
			);
			productName = VillainArcTests;
			productReference = FD68245C2F33A712009F6D98 /* VillainArcTests.xctest */;
			productType = "com.apple.product-type.bundle.unit-test";
		};
		FD6829072F31190700C83480 /* VillainArcIntentsExtension */ = {
			isa = PBXNativeTarget;
			buildConfigurationList = FD6829122F31190700C83480 /* Build configuration list for PBXNativeTarget "VillainArcIntentsExtension" */;
			buildPhases = (
				FD6829042F31190700C83480 /* Sources */,
				FD6829052F31190700C83480 /* Frameworks */,
				FD6829062F31190700C83480 /* Resources */,
			);
			buildRules = (
			);
			dependencies = (
			);
			fileSystemSynchronizedGroups = (
				FD68290B2F31190700C83480 /* VillainArcIntentsExtension */,
			);
			name = VillainArcIntentsExtension;
			packageProductDependencies = (
			);
			productName = VillainArcIntentsExtension;
			productReference = FD6829082F31190700C83480 /* VillainArcIntentsExtension.appex */;
			productType = "com.apple.product-type.app-extension";
		};
		FD93E5E32F3051FD009569BB /* VillainArcWidgetExtensionExtension */ = {
			isa = PBXNativeTarget;
			buildConfigurationList = FD93E5F62F3051FE009569BB /* Build configuration list for PBXNativeTarget "VillainArcWidgetExtensionExtension" */;
			buildPhases = (
				FD93E5E02F3051FD009569BB /* Sources */,
				FD93E5E12F3051FD009569BB /* Frameworks */,
				FD93E5E22F3051FD009569BB /* Resources */,
			);
			buildRules = (
			);
			dependencies = (
			);
			fileSystemSynchronizedGroups = (
				FD93E5EA2F3051FD009569BB /* VillainArcWidgetExtension */,
			);
			name = VillainArcWidgetExtensionExtension;
			packageProductDependencies = (
			);
			productName = VillainArcWidgetExtensionExtension;
			productReference = FD93E5E42F3051FD009569BB /* VillainArcWidgetExtensionExtension.appex */;
			productType = "com.apple.product-type.app-extension";
		};
		FDA1938F2F16D14500CA57C5 /* VillainArc */ = {
			isa = PBXNativeTarget;
			buildConfigurationList = FDA1939B2F16D14600CA57C5 /* Build configuration list for PBXNativeTarget "VillainArc" */;
			buildPhases = (
				FDA1938C2F16D14500CA57C5 /* Sources */,
				FDA1938D2F16D14500CA57C5 /* Frameworks */,
				FDA1938E2F16D14500CA57C5 /* Resources */,
				FD18C78A2F248B3000EB287C /* Embed ExtensionKit Extensions */,
				FD93E5F92F3051FE009569BB /* Embed Foundation Extensions */,
				3552C2C62F8896B80068E09B /* Embed Watch Content */,
			);
			buildRules = (
			);
			dependencies = (
				FD93E5F32F3051FD009569BB /* PBXTargetDependency */,
				FD6829102F31190700C83480 /* PBXTargetDependency */,
				3552C2C12F8896B80068E09B /* PBXTargetDependency */,
			);
			fileSystemSynchronizedGroups = (
				FDA193922F16D14500CA57C5 /* VillainArc */,
			);
			name = VillainArc;
			packageProductDependencies = (
			);
			productName = VillainArc;
			productReference = FDA193902F16D14500CA57C5 /* VillainArc.app */;
			productType = "com.apple.product-type.application";
		};
/* End PBXNativeTarget section */

/* Begin PBXProject section */
		FDA193882F16D14500CA57C5 /* Project object */ = {
			isa = PBXProject;
			attributes = {
				BuildIndependentTargetsInParallel = 1;
				LastSwiftUpdateCheck = 2640;
				LastUpgradeCheck = 2630;
				TargetAttributes = {
					3552C2B72F8896B70068E09B = {
						CreatedOnToolsVersion = 26.4;
					};
					FD68245B2F33A712009F6D98 = {
						CreatedOnToolsVersion = 26.3;
						TestTargetID = FDA1938F2F16D14500CA57C5;
					};
					FD6829072F31190700C83480 = {
						CreatedOnToolsVersion = 26.2;
					};
					FD93E5E32F3051FD009569BB = {
						CreatedOnToolsVersion = 26.2;
					};
					FDA1938F2F16D14500CA57C5 = {
						CreatedOnToolsVersion = 26.2;
					};
				};
			};
			buildConfigurationList = FDA1938B2F16D14500CA57C5 /* Build configuration list for PBXProject "VillainArc" */;
			developmentRegion = en;
			hasScannedForEncodings = 0;
			knownRegions = (
				en,
				Base,
				es,
			);
			mainGroup = FDA193872F16D14500CA57C5;
			minimizedProjectReferenceProxies = 1;
			preferredProjectObjectVersion = 77;
			productRefGroup = FDA193912F16D14500CA57C5 /* Products */;
			projectDirPath = "";
			projectRoot = "";
			targets = (
				FDA1938F2F16D14500CA57C5 /* VillainArc */,
				FD93E5E32F3051FD009569BB /* VillainArcWidgetExtensionExtension */,
				FD6829072F31190700C83480 /* VillainArcIntentsExtension */,
				FD68245B2F33A712009F6D98 /* VillainArcTests */,
				3552C2B72F8896B70068E09B /* VillainArcWatch Watch App */,
			);
		};
/* End PBXProject section */

/* Begin PBXResourcesBuildPhase section */
		3552C2B62F8896B70068E09B /* Resources */ = {
			isa = PBXResourcesBuildPhase;
			buildActionMask = 2147483647;
			files = (
			);
			runOnlyForDeploymentPostprocessing = 0;
		};
		FD68245A2F33A712009F6D98 /* Resources */ = {
			isa = PBXResourcesBuildPhase;
			buildActionMask = 2147483647;
			files = (
			);
			runOnlyForDeploymentPostprocessing = 0;
		};
		FD6829062F31190700C83480 /* Resources */ = {
			isa = PBXResourcesBuildPhase;
			buildActionMask = 2147483647;
			files = (
			);
			runOnlyForDeploymentPostprocessing = 0;
		};
		FD93E5E22F3051FD009569BB /* Resources */ = {
			isa = PBXResourcesBuildPhase;
			buildActionMask = 2147483647;
			files = (
			);
			runOnlyForDeploymentPostprocessing = 0;
		};
		FDA1938E2F16D14500CA57C5 /* Resources */ = {
			isa = PBXResourcesBuildPhase;
			buildActionMask = 2147483647;
			files = (
				354CA66B2F535701005622B1 /* README.md in Resources */,
			);
			runOnlyForDeploymentPostprocessing = 0;
		};
/* End PBXResourcesBuildPhase section */

/* Begin PBXSourcesBuildPhase section */
		3552C2B42F8896B70068E09B /* Sources */ = {
			isa = PBXSourcesBuildPhase;
			buildActionMask = 2147483647;
			files = (
				35084A8E2F88BA2A00A409D4 /* ActiveWorkoutSnapshot.swift in Sources */,
				35084A8F2F88BA2D00A409D4 /* WatchRuntimeMessages.swift in Sources */,
				35084A902F88BA3100A409D4 /* WatchWorkoutCommand.swift in Sources */,
			);
			runOnlyForDeploymentPostprocessing = 0;
		};
		FD6824582F33A712009F6D98 /* Sources */ = {
			isa = PBXSourcesBuildPhase;
			buildActionMask = 2147483647;
			files = (
			);
			runOnlyForDeploymentPostprocessing = 0;
		};
		FD6829042F31190700C83480 /* Sources */ = {
			isa = PBXSourcesBuildPhase;
			buildActionMask = 2147483647;
			files = (
			);
			runOnlyForDeploymentPostprocessing = 0;
		};
		FD93E5E02F3051FD009569BB /* Sources */ = {
			isa = PBXSourcesBuildPhase;
			buildActionMask = 2147483647;
			files = (
				35084A912F88BA4800A409D4 /* WatchWorkoutCommand.swift in Sources */,
				35084A932F88BA4E00A409D4 /* ActiveWorkoutSnapshot.swift in Sources */,
				35084A922F88BA4B00A409D4 /* WatchRuntimeMessages.swift in Sources */,
			);
			runOnlyForDeploymentPostprocessing = 0;
		};
		FDA1938C2F16D14500CA57C5 /* Sources */ = {
			isa = PBXSourcesBuildPhase;
			buildActionMask = 2147483647;
			files = (
				35084A8B2F88BA1600A409D4 /* WatchWorkoutCommand.swift in Sources */,
				35084A8C2F88BA1600A409D4 /* ActiveWorkoutSnapshot.swift in Sources */,
				35084A8D2F88BA1600A409D4 /* WatchRuntimeMessages.swift in Sources */,
			);
			runOnlyForDeploymentPostprocessing = 0;
		};
/* End PBXSourcesBuildPhase section */

/* Begin PBXTargetDependency section */
		3552C2C12F8896B80068E09B /* PBXTargetDependency */ = {
			isa = PBXTargetDependency;
			target = 3552C2B72F8896B70068E09B /* VillainArcWatch Watch App */;
			targetProxy = 3552C2C02F8896B80068E09B /* PBXContainerItemProxy */;
		};
		FD6824612F33A712009F6D98 /* PBXTargetDependency */ = {
			isa = PBXTargetDependency;
			target = FDA1938F2F16D14500CA57C5 /* VillainArc */;
			targetProxy = FD6824602F33A712009F6D98 /* PBXContainerItemProxy */;
		};
		FD6829102F31190700C83480 /* PBXTargetDependency */ = {
			isa = PBXTargetDependency;
			target = FD6829072F31190700C83480 /* VillainArcIntentsExtension */;
			targetProxy = FD68290F2F31190700C83480 /* PBXContainerItemProxy */;
		};
		FD93E5F32F3051FD009569BB /* PBXTargetDependency */ = {
			isa = PBXTargetDependency;
			target = FD93E5E32F3051FD009569BB /* VillainArcWidgetExtensionExtension */;
			targetProxy = FD93E5F22F3051FD009569BB /* PBXContainerItemProxy */;
		};
/* End PBXTargetDependency section */

/* Begin XCBuildConfiguration section */
		3552C2C42F8896B80068E09B /* Debug */ = {
			isa = XCBuildConfiguration;
			buildSettings = {
				ASSETCATALOG_COMPILER_APPICON_NAME = AppIcon;
				ASSETCATALOG_COMPILER_GLOBAL_ACCENT_COLOR_NAME = AccentColor;
				CODE_SIGN_ENTITLEMENTS = "VillainArcWatch Watch App/VillainArcWatch Watch App.entitlements";
				CODE_SIGN_IDENTITY = "Apple Development";
				CODE_SIGN_STYLE = Automatic;
				CURRENT_PROJECT_VERSION = 1;
				DEVELOPMENT_TEAM = X26SC78YDG;
				ENABLE_PREVIEWS = YES;
				GENERATE_INFOPLIST_FILE = YES;
				INFOPLIST_FILE = "VillainArcWatch-Watch-App-Info.plist";
				INFOPLIST_KEY_CFBundleDisplayName = "Villain Arc";
				INFOPLIST_KEY_NSHealthShareUsageDescription = "Villain Arc on Apple Watch reads workout metrics like heart rate and energy during your workout so it can show live workout stats and keep your workout session up to date.";
				INFOPLIST_KEY_NSHealthUpdateUsageDescription = "Villain Arc on Apple Watch saves workouts to Apple Health when you track a workout from Apple Watch.";
				INFOPLIST_KEY_UISupportedInterfaceOrientations = "UIInterfaceOrientationPortrait UIInterfaceOrientationPortraitUpsideDown";
				INFOPLIST_KEY_WKCompanionAppBundleIdentifier = com.fcttechnologies.VillainArc;
				INFOPLIST_KEY_WKRunsIndependentlyOfCompanionApp = NO;
				LD_RUNPATH_SEARCH_PATHS = (
					"$(inherited)",
					"@executable_path/Frameworks",
				);
				MARKETING_VERSION = 1.1;
				PRODUCT_BUNDLE_IDENTIFIER = com.fcttechnologies.VillainArc.watchkitapp;
				PRODUCT_NAME = "$(TARGET_NAME)";
				SDKROOT = watchos;
				SKIP_INSTALL = YES;
				STRING_CATALOG_GENERATE_SYMBOLS = YES;
				SWIFT_APPROACHABLE_CONCURRENCY = YES;
				SWIFT_DEFAULT_ACTOR_ISOLATION = MainActor;
				SWIFT_EMIT_LOC_STRINGS = YES;
				SWIFT_UPCOMING_FEATURE_MEMBER_IMPORT_VISIBILITY = YES;
				SWIFT_VERSION = 6.0;
				TARGETED_DEVICE_FAMILY = 4;
				WATCHOS_DEPLOYMENT_TARGET = 26.0;
			};
			name = Debug;
		};
		3552C2C52F8896B80068E09B /* Release */ = {
			isa = XCBuildConfiguration;
			buildSettings = {
				ASSETCATALOG_COMPILER_APPICON_NAME = AppIcon;
				ASSETCATALOG_COMPILER_GLOBAL_ACCENT_COLOR_NAME = AccentColor;
				CODE_SIGN_ENTITLEMENTS = "VillainArcWatch Watch App/VillainArcWatch Watch App.entitlements";
				CODE_SIGN_IDENTITY = "Apple Development";
				CODE_SIGN_STYLE = Automatic;
				CURRENT_PROJECT_VERSION = 1;
				DEVELOPMENT_TEAM = X26SC78YDG;
				ENABLE_PREVIEWS = YES;
				GENERATE_INFOPLIST_FILE = YES;
				INFOPLIST_FILE = "VillainArcWatch-Watch-App-Info.plist";
				INFOPLIST_KEY_CFBundleDisplayName = "Villain Arc";
				INFOPLIST_KEY_NSHealthShareUsageDescription = "Villain Arc on Apple Watch reads workout metrics like heart rate and energy during your workout so it can show live workout stats and keep your workout session up to date.";
				INFOPLIST_KEY_NSHealthUpdateUsageDescription = "Villain Arc on Apple Watch saves workouts to Apple Health when you track a workout from Apple Watch.";
				INFOPLIST_KEY_UISupportedInterfaceOrientations = "UIInterfaceOrientationPortrait UIInterfaceOrientationPortraitUpsideDown";
				INFOPLIST_KEY_WKCompanionAppBundleIdentifier = com.fcttechnologies.VillainArc;
				INFOPLIST_KEY_WKRunsIndependentlyOfCompanionApp = NO;
				LD_RUNPATH_SEARCH_PATHS = (
					"$(inherited)",
					"@executable_path/Frameworks",
				);
				MARKETING_VERSION = 1.1;
				PRODUCT_BUNDLE_IDENTIFIER = com.fcttechnologies.VillainArc.watchkitapp;
				PRODUCT_NAME = "$(TARGET_NAME)";
				SDKROOT = watchos;
				SKIP_INSTALL = YES;
				STRING_CATALOG_GENERATE_SYMBOLS = YES;
				SWIFT_APPROACHABLE_CONCURRENCY = YES;
				SWIFT_DEFAULT_ACTOR_ISOLATION = MainActor;
				SWIFT_EMIT_LOC_STRINGS = YES;
				SWIFT_UPCOMING_FEATURE_MEMBER_IMPORT_VISIBILITY = YES;
				SWIFT_VERSION = 6.0;
				TARGETED_DEVICE_FAMILY = 4;
				WATCHOS_DEPLOYMENT_TARGET = 26.0;
			};
			name = Release;
		};
		FD6824622F33A712009F6D98 /* Debug */ = {
			isa = XCBuildConfiguration;
			buildSettings = {
				BUNDLE_LOADER = "$(TEST_HOST)";
				CODE_SIGN_STYLE = Automatic;
				CURRENT_PROJECT_VERSION = 1;
				DEVELOPMENT_TEAM = X26SC78YDG;
				GENERATE_INFOPLIST_FILE = YES;
				IPHONEOS_DEPLOYMENT_TARGET = 26.0;
				MARKETING_VERSION = 1.1;
				PRODUCT_BUNDLE_IDENTIFIER = com.fcttechnologies.VillainArcTests;
				PRODUCT_NAME = "$(TARGET_NAME)";
				STRING_CATALOG_GENERATE_SYMBOLS = NO;
				SUPPORTED_PLATFORMS = "iphoneos iphonesimulator";
				SUPPORTS_MACCATALYST = NO;
				SUPPORTS_MAC_DESIGNED_FOR_IPHONE_IPAD = NO;
				SUPPORTS_XR_DESIGNED_FOR_IPHONE_IPAD = NO;
				SWIFT_APPROACHABLE_CONCURRENCY = YES;
				SWIFT_DEFAULT_ACTOR_ISOLATION = MainActor;
				SWIFT_EMIT_LOC_STRINGS = NO;
				SWIFT_UPCOMING_FEATURE_MEMBER_IMPORT_VISIBILITY = YES;
				SWIFT_VERSION = 6.0;
				TARGETED_DEVICE_FAMILY = 1;
				TEST_HOST = "$(BUILT_PRODUCTS_DIR)/VillainArc.app/$(BUNDLE_EXECUTABLE_FOLDER_PATH)/VillainArc";
			};
			name = Debug;
		};
		FD6824632F33A712009F6D98 /* Release */ = {
			isa = XCBuildConfiguration;
			buildSettings = {
				BUNDLE_LOADER = "$(TEST_HOST)";
				CODE_SIGN_STYLE = Automatic;
				CURRENT_PROJECT_VERSION = 1;
				DEVELOPMENT_TEAM = X26SC78YDG;
				GENERATE_INFOPLIST_FILE = YES;
				IPHONEOS_DEPLOYMENT_TARGET = 26.0;
				MARKETING_VERSION = 1.1;
				PRODUCT_BUNDLE_IDENTIFIER = com.fcttechnologies.VillainArcTests;
				PRODUCT_NAME = "$(TARGET_NAME)";
				STRING_CATALOG_GENERATE_SYMBOLS = NO;
				SUPPORTED_PLATFORMS = "iphoneos iphonesimulator";
				SUPPORTS_MACCATALYST = NO;
				SUPPORTS_MAC_DESIGNED_FOR_IPHONE_IPAD = NO;
				SUPPORTS_XR_DESIGNED_FOR_IPHONE_IPAD = NO;
				SWIFT_APPROACHABLE_CONCURRENCY = YES;
				SWIFT_DEFAULT_ACTOR_ISOLATION = MainActor;
				SWIFT_EMIT_LOC_STRINGS = NO;
				SWIFT_UPCOMING_FEATURE_MEMBER_IMPORT_VISIBILITY = YES;
				SWIFT_VERSION = 6.0;
				TARGETED_DEVICE_FAMILY = 1;
				TEST_HOST = "$(BUILT_PRODUCTS_DIR)/VillainArc.app/$(BUNDLE_EXECUTABLE_FOLDER_PATH)/VillainArc";
			};
			name = Release;
		};
		FD6829132F31190700C83480 /* Debug */ = {
			isa = XCBuildConfiguration;
			buildSettings = {
				CODE_SIGN_ENTITLEMENTS = VillainArcIntentsExtension/VillainArcIntentsExtension.entitlements;
				CODE_SIGN_IDENTITY = "Apple Development";
				CODE_SIGN_STYLE = Automatic;
				CURRENT_PROJECT_VERSION = 1;
				DEVELOPMENT_TEAM = X26SC78YDG;
				GENERATE_INFOPLIST_FILE = YES;
				INFOPLIST_FILE = VillainArcIntentsExtension/Info.plist;
				INFOPLIST_KEY_CFBundleDisplayName = VillainArcIntentsExtension;
				INFOPLIST_KEY_NSHumanReadableCopyright = "";
				IPHONEOS_DEPLOYMENT_TARGET = 26.0;
				LD_RUNPATH_SEARCH_PATHS = (
					"$(inherited)",
					"@executable_path/Frameworks",
					"@executable_path/../../Frameworks",
				);
				MARKETING_VERSION = 1.1;
				PRODUCT_BUNDLE_IDENTIFIER = com.fcttechnologies.VillainArc.VillainArcIntentsExtension;
				PRODUCT_NAME = "$(TARGET_NAME)";
				PROVISIONING_PROFILE_SPECIFIER = "";
				SKIP_INSTALL = YES;
				STRING_CATALOG_GENERATE_SYMBOLS = YES;
				SUPPORTED_PLATFORMS = "iphoneos iphonesimulator";
				SUPPORTS_MACCATALYST = NO;
				SUPPORTS_MAC_DESIGNED_FOR_IPHONE_IPAD = NO;
				SUPPORTS_XR_DESIGNED_FOR_IPHONE_IPAD = NO;
				SWIFT_APPROACHABLE_CONCURRENCY = YES;
				SWIFT_DEFAULT_ACTOR_ISOLATION = nonisolated;
				SWIFT_EMIT_LOC_STRINGS = YES;
				SWIFT_UPCOMING_FEATURE_MEMBER_IMPORT_VISIBILITY = YES;
				SWIFT_VERSION = 6.0;
				TARGETED_DEVICE_FAMILY = 1;
			};
			name = Debug;
		};
		FD6829142F31190700C83480 /* Release */ = {
			isa = XCBuildConfiguration;
			buildSettings = {
				CODE_SIGN_ENTITLEMENTS = VillainArcIntentsExtension/VillainArcIntentsExtension.entitlements;
				CODE_SIGN_IDENTITY = "Apple Development";
				CODE_SIGN_STYLE = Automatic;
				CURRENT_PROJECT_VERSION = 1;
				DEVELOPMENT_TEAM = X26SC78YDG;
				GENERATE_INFOPLIST_FILE = YES;
				INFOPLIST_FILE = VillainArcIntentsExtension/Info.plist;
				INFOPLIST_KEY_CFBundleDisplayName = VillainArcIntentsExtension;
				INFOPLIST_KEY_NSHumanReadableCopyright = "";
				IPHONEOS_DEPLOYMENT_TARGET = 26.0;
				LD_RUNPATH_SEARCH_PATHS = (
					"$(inherited)",
					"@executable_path/Frameworks",
					"@executable_path/../../Frameworks",
				);
				MARKETING_VERSION = 1.1;
				PRODUCT_BUNDLE_IDENTIFIER = com.fcttechnologies.VillainArc.VillainArcIntentsExtension;
				PRODUCT_NAME = "$(TARGET_NAME)";
				PROVISIONING_PROFILE_SPECIFIER = "";
				SKIP_INSTALL = YES;
				STRING_CATALOG_GENERATE_SYMBOLS = YES;
				SUPPORTED_PLATFORMS = "iphoneos iphonesimulator";
				SUPPORTS_MACCATALYST = NO;
				SUPPORTS_MAC_DESIGNED_FOR_IPHONE_IPAD = NO;
				SUPPORTS_XR_DESIGNED_FOR_IPHONE_IPAD = NO;
				SWIFT_APPROACHABLE_CONCURRENCY = YES;
				SWIFT_DEFAULT_ACTOR_ISOLATION = nonisolated;
				SWIFT_EMIT_LOC_STRINGS = YES;
				SWIFT_UPCOMING_FEATURE_MEMBER_IMPORT_VISIBILITY = YES;
				SWIFT_VERSION = 6.0;
				TARGETED_DEVICE_FAMILY = 1;
			};
			name = Release;
		};
		FD93E5F72F3051FE009569BB /* Debug */ = {
			isa = XCBuildConfiguration;
			buildSettings = {
				ASSETCATALOG_COMPILER_GLOBAL_ACCENT_COLOR_NAME = AccentColor;
				ASSETCATALOG_COMPILER_WIDGET_BACKGROUND_COLOR_NAME = WidgetBackground;
				CODE_SIGN_ENTITLEMENTS = VillainArcWidgetExtensionExtension.entitlements;
				CODE_SIGN_IDENTITY = "Apple Development";
				CODE_SIGN_STYLE = Automatic;
				CURRENT_PROJECT_VERSION = 1;
				DEVELOPMENT_TEAM = X26SC78YDG;
				GENERATE_INFOPLIST_FILE = YES;
				INFOPLIST_FILE = VillainArcWidgetExtension/Info.plist;
				INFOPLIST_KEY_CFBundleDisplayName = VillainArcWidgetExtension;
				INFOPLIST_KEY_NSHumanReadableCopyright = "";
				IPHONEOS_DEPLOYMENT_TARGET = 26.0;
				LD_RUNPATH_SEARCH_PATHS = (
					"$(inherited)",
					"@executable_path/Frameworks",
					"@executable_path/../../Frameworks",
				);
				MARKETING_VERSION = 1.1;
				PRODUCT_BUNDLE_IDENTIFIER = com.fcttechnologies.VillainArc.VillainArcWidgetExtension;
				PRODUCT_NAME = "$(TARGET_NAME)";
				PROVISIONING_PROFILE_SPECIFIER = "";
				SKIP_INSTALL = YES;
				STRING_CATALOG_GENERATE_SYMBOLS = YES;
				SUPPORTED_PLATFORMS = "iphoneos iphonesimulator";
				SUPPORTS_MACCATALYST = NO;
				SUPPORTS_MAC_DESIGNED_FOR_IPHONE_IPAD = NO;
				SUPPORTS_XR_DESIGNED_FOR_IPHONE_IPAD = NO;
				SWIFT_APPROACHABLE_CONCURRENCY = YES;
				SWIFT_DEFAULT_ACTOR_ISOLATION = MainActor;
				SWIFT_EMIT_LOC_STRINGS = YES;
				SWIFT_UPCOMING_FEATURE_MEMBER_IMPORT_VISIBILITY = YES;
				SWIFT_VERSION = 6.0;
				TARGETED_DEVICE_FAMILY = 1;
			};
			name = Debug;
		};
		FD93E5F82F3051FE009569BB /* Release */ = {
			isa = XCBuildConfiguration;
			buildSettings = {
				ASSETCATALOG_COMPILER_GLOBAL_ACCENT_COLOR_NAME = AccentColor;
				ASSETCATALOG_COMPILER_WIDGET_BACKGROUND_COLOR_NAME = WidgetBackground;
				CODE_SIGN_ENTITLEMENTS = VillainArcWidgetExtensionExtension.entitlements;
				CODE_SIGN_IDENTITY = "Apple Development";
				CODE_SIGN_STYLE = Automatic;
				CURRENT_PROJECT_VERSION = 1;
				DEVELOPMENT_TEAM = X26SC78YDG;
				GENERATE_INFOPLIST_FILE = YES;
				INFOPLIST_FILE = VillainArcWidgetExtension/Info.plist;
				INFOPLIST_KEY_CFBundleDisplayName = VillainArcWidgetExtension;
				INFOPLIST_KEY_NSHumanReadableCopyright = "";
				IPHONEOS_DEPLOYMENT_TARGET = 26.0;
				LD_RUNPATH_SEARCH_PATHS = (
					"$(inherited)",
					"@executable_path/Frameworks",
					"@executable_path/../../Frameworks",
				);
				MARKETING_VERSION = 1.1;
				PRODUCT_BUNDLE_IDENTIFIER = com.fcttechnologies.VillainArc.VillainArcWidgetExtension;
				PRODUCT_NAME = "$(TARGET_NAME)";
				PROVISIONING_PROFILE_SPECIFIER = "";
				SKIP_INSTALL = YES;
				STRING_CATALOG_GENERATE_SYMBOLS = YES;
				SUPPORTED_PLATFORMS = "iphoneos iphonesimulator";
				SUPPORTS_MACCATALYST = NO;
				SUPPORTS_MAC_DESIGNED_FOR_IPHONE_IPAD = NO;
				SUPPORTS_XR_DESIGNED_FOR_IPHONE_IPAD = NO;
				SWIFT_APPROACHABLE_CONCURRENCY = YES;
				SWIFT_DEFAULT_ACTOR_ISOLATION = MainActor;
				SWIFT_EMIT_LOC_STRINGS = YES;
				SWIFT_UPCOMING_FEATURE_MEMBER_IMPORT_VISIBILITY = YES;
				SWIFT_VERSION = 6.0;
				TARGETED_DEVICE_FAMILY = 1;
			};
			name = Release;
		};
		FDA193992F16D14600CA57C5 /* Debug */ = {
			isa = XCBuildConfiguration;
			buildSettings = {
				ALWAYS_SEARCH_USER_PATHS = NO;
				ASSETCATALOG_COMPILER_GENERATE_SWIFT_ASSET_SYMBOL_EXTENSIONS = YES;
				CLANG_ANALYZER_NONNULL = YES;
				CLANG_ANALYZER_NUMBER_OBJECT_CONVERSION = YES_AGGRESSIVE;
				CLANG_CXX_LANGUAGE_STANDARD = "gnu++20";
				CLANG_ENABLE_MODULES = YES;
				CLANG_ENABLE_OBJC_ARC = YES;
				CLANG_ENABLE_OBJC_WEAK = YES;
				CLANG_WARN_BLOCK_CAPTURE_AUTORELEASING = YES;
				CLANG_WARN_BOOL_CONVERSION = YES;
				CLANG_WARN_COMMA = YES;
				CLANG_WARN_CONSTANT_CONVERSION = YES;
				CLANG_WARN_DEPRECATED_OBJC_IMPLEMENTATIONS = YES;
				CLANG_WARN_DIRECT_OBJC_ISA_USAGE = YES_ERROR;
				CLANG_WARN_DOCUMENTATION_COMMENTS = YES;
				CLANG_WARN_EMPTY_BODY = YES;
				CLANG_WARN_ENUM_CONVERSION = YES;
				CLANG_WARN_INFINITE_RECURSION = YES;
				CLANG_WARN_INT_CONVERSION = YES;
				CLANG_WARN_NON_LITERAL_NULL_CONVERSION = YES;
				CLANG_WARN_OBJC_IMPLICIT_RETAIN_SELF = YES;
				CLANG_WARN_OBJC_LITERAL_CONVERSION = YES;
				CLANG_WARN_OBJC_ROOT_CLASS = YES_ERROR;
				CLANG_WARN_QUOTED_INCLUDE_IN_FRAMEWORK_HEADER = YES;
				CLANG_WARN_RANGE_LOOP_ANALYSIS = YES;
				CLANG_WARN_STRICT_PROTOTYPES = YES;
				CLANG_WARN_SUSPICIOUS_MOVE = YES;
				CLANG_WARN_UNGUARDED_AVAILABILITY = YES_AGGRESSIVE;
				CLANG_WARN_UNREACHABLE_CODE = YES;
				CLANG_WARN__DUPLICATE_METHOD_MATCH = YES;
				COMPILATION_CACHE_ENABLE_CACHING = YES;
				COPY_PHASE_STRIP = NO;
				DEBUG_INFORMATION_FORMAT = dwarf;
				DEVELOPMENT_TEAM = X26SC78YDG;
				EAGER_LINKING = YES;
				ENABLE_STRICT_OBJC_MSGSEND = YES;
				ENABLE_TESTABILITY = YES;
				ENABLE_USER_SCRIPT_SANDBOXING = YES;
				GCC_C_LANGUAGE_STANDARD = gnu17;
				GCC_DYNAMIC_NO_PIC = NO;
				GCC_NO_COMMON_BLOCKS = YES;
				GCC_OPTIMIZATION_LEVEL = 0;
				GCC_PREPROCESSOR_DEFINITIONS = (
					"DEBUG=1",
					"$(inherited)",
				);
				GCC_WARN_64_TO_32_BIT_CONVERSION = YES;
				GCC_WARN_ABOUT_RETURN_TYPE = YES_ERROR;
				GCC_WARN_UNDECLARED_SELECTOR = YES;
				GCC_WARN_UNINITIALIZED_AUTOS = YES_AGGRESSIVE;
				GCC_WARN_UNUSED_FUNCTION = YES;
				GCC_WARN_UNUSED_VARIABLE = YES;
				IPHONEOS_DEPLOYMENT_TARGET = 26.2;
				LOCALIZATION_PREFERS_STRING_CATALOGS = YES;
				MTL_ENABLE_DEBUG_INFO = INCLUDE_SOURCE;
				MTL_FAST_MATH = YES;
				ONLY_ACTIVE_ARCH = YES;
				SDKROOT = iphoneos;
				STRING_CATALOG_GENERATE_SYMBOLS = YES;
				SWIFT_ACTIVE_COMPILATION_CONDITIONS = "DEBUG $(inherited)";
				SWIFT_OPTIMIZATION_LEVEL = "-Onone";
			};
			name = Debug;
		};
		FDA1939A2F16D14600CA57C5 /* Release */ = {
			isa = XCBuildConfiguration;
			buildSettings = {
				ALWAYS_SEARCH_USER_PATHS = NO;
				ASSETCATALOG_COMPILER_GENERATE_SWIFT_ASSET_SYMBOL_EXTENSIONS = YES;
				CLANG_ANALYZER_NONNULL = YES;
				CLANG_ANALYZER_NUMBER_OBJECT_CONVERSION = YES_AGGRESSIVE;
				CLANG_CXX_LANGUAGE_STANDARD = "gnu++20";
				CLANG_ENABLE_MODULES = YES;
				CLANG_ENABLE_OBJC_ARC = YES;
				CLANG_ENABLE_OBJC_WEAK = YES;
				CLANG_WARN_BLOCK_CAPTURE_AUTORELEASING = YES;
				CLANG_WARN_BOOL_CONVERSION = YES;
				CLANG_WARN_COMMA = YES;
				CLANG_WARN_CONSTANT_CONVERSION = YES;
				CLANG_WARN_DEPRECATED_OBJC_IMPLEMENTATIONS = YES;
				CLANG_WARN_DIRECT_OBJC_ISA_USAGE = YES_ERROR;
				CLANG_WARN_DOCUMENTATION_COMMENTS = YES;
				CLANG_WARN_EMPTY_BODY = YES;
				CLANG_WARN_ENUM_CONVERSION = YES;
				CLANG_WARN_INFINITE_RECURSION = YES;
				CLANG_WARN_INT_CONVERSION = YES;
				CLANG_WARN_NON_LITERAL_NULL_CONVERSION = YES;
				CLANG_WARN_OBJC_IMPLICIT_RETAIN_SELF = YES;
				CLANG_WARN_OBJC_LITERAL_CONVERSION = YES;
				CLANG_WARN_OBJC_ROOT_CLASS = YES_ERROR;
				CLANG_WARN_QUOTED_INCLUDE_IN_FRAMEWORK_HEADER = YES;
				CLANG_WARN_RANGE_LOOP_ANALYSIS = YES;
				CLANG_WARN_STRICT_PROTOTYPES = YES;
				CLANG_WARN_SUSPICIOUS_MOVE = YES;
				CLANG_WARN_UNGUARDED_AVAILABILITY = YES_AGGRESSIVE;
				CLANG_WARN_UNREACHABLE_CODE = YES;
				CLANG_WARN__DUPLICATE_METHOD_MATCH = YES;
				COMPILATION_CACHE_ENABLE_CACHING = YES;
				COPY_PHASE_STRIP = NO;
				DEBUG_INFORMATION_FORMAT = "dwarf-with-dsym";
				DEVELOPMENT_TEAM = X26SC78YDG;
				ENABLE_NS_ASSERTIONS = NO;
				ENABLE_STRICT_OBJC_MSGSEND = YES;
				ENABLE_USER_SCRIPT_SANDBOXING = YES;
				GCC_C_LANGUAGE_STANDARD = gnu17;
				GCC_NO_COMMON_BLOCKS = YES;
				GCC_WARN_64_TO_32_BIT_CONVERSION = YES;
				GCC_WARN_ABOUT_RETURN_TYPE = YES_ERROR;
				GCC_WARN_UNDECLARED_SELECTOR = YES;
				GCC_WARN_UNINITIALIZED_AUTOS = YES_AGGRESSIVE;
				GCC_WARN_UNUSED_FUNCTION = YES;
				GCC_WARN_UNUSED_VARIABLE = YES;
				IPHONEOS_DEPLOYMENT_TARGET = 26.2;
				LOCALIZATION_PREFERS_STRING_CATALOGS = YES;
				MTL_ENABLE_DEBUG_INFO = NO;
				MTL_FAST_MATH = YES;
				SDKROOT = iphoneos;
				STRING_CATALOG_GENERATE_SYMBOLS = YES;
				SWIFT_COMPILATION_MODE = wholemodule;
				VALIDATE_PRODUCT = YES;
			};
			name = Release;
		};
		FDA1939C2F16D14600CA57C5 /* Debug */ = {
			isa = XCBuildConfiguration;
			buildSettings = {
				ASSETCATALOG_COMPILER_APPICON_NAME = AppIcon;
				ASSETCATALOG_COMPILER_GLOBAL_ACCENT_COLOR_NAME = AccentColor;
				CODE_SIGN_ENTITLEMENTS = VillainArc/VillainArc.entitlements;
				CODE_SIGN_IDENTITY = "Apple Development";
				CODE_SIGN_STYLE = Automatic;
				CURRENT_PROJECT_VERSION = 1;
				DEVELOPMENT_TEAM = X26SC78YDG;
				ENABLE_PREVIEWS = YES;
				GENERATE_INFOPLIST_FILE = YES;
				INFOPLIST_FILE = VillainArc/Info.plist;
				INFOPLIST_KEY_CFBundleDisplayName = "Villain Arc";
				INFOPLIST_KEY_ITSAppUsesNonExemptEncryption = NO;
				INFOPLIST_KEY_LSApplicationCategoryType = "public.app-category.healthcare-fitness";
				INFOPLIST_KEY_NSHealthShareUsageDescription = "Villain Arc reads your workouts, body weight, heart rate, energy, distance, routes, and related workout metrics so it can show workout details, health history, and workout-linked stats inside the app.";
				INFOPLIST_KEY_NSHealthUpdateUsageDescription = "Villain Arc saves your completed workouts and body weight entries to Apple Health so your workout history and progress stay in sync.";
				INFOPLIST_KEY_NSSupportsLiveActivities = YES;
				INFOPLIST_KEY_UIApplicationSceneManifest_Generation = YES;
				INFOPLIST_KEY_UIApplicationSupportsIndirectInputEvents = YES;
				INFOPLIST_KEY_UILaunchScreen_Generation = YES;
				INFOPLIST_KEY_UISupportedInterfaceOrientations = "UIInterfaceOrientationPortrait UIInterfaceOrientationPortraitUpsideDown";
				INFOPLIST_KEY_UISupportedInterfaceOrientations_iPad = "UIInterfaceOrientationLandscapeLeft UIInterfaceOrientationLandscapeRight UIInterfaceOrientationPortrait UIInterfaceOrientationPortraitUpsideDown";
				IPHONEOS_DEPLOYMENT_TARGET = 26.0;
				LD_RUNPATH_SEARCH_PATHS = (
					"$(inherited)",
					"@executable_path/Frameworks",
				);
				MARKETING_VERSION = 1.1;
				PRODUCT_BUNDLE_IDENTIFIER = com.fcttechnologies.VillainArc;
				PRODUCT_NAME = "$(TARGET_NAME)";
				PROVISIONING_PROFILE_SPECIFIER = "";
				STRING_CATALOG_GENERATE_SYMBOLS = YES;
				SUPPORTED_PLATFORMS = "iphoneos iphonesimulator";
				SUPPORTS_MACCATALYST = NO;
				SUPPORTS_MAC_DESIGNED_FOR_IPHONE_IPAD = NO;
				SUPPORTS_XR_DESIGNED_FOR_IPHONE_IPAD = NO;
				SWIFT_APPROACHABLE_CONCURRENCY = YES;
				SWIFT_DEFAULT_ACTOR_ISOLATION = MainActor;
				SWIFT_EMIT_LOC_STRINGS = YES;
				SWIFT_UPCOMING_FEATURE_MEMBER_IMPORT_VISIBILITY = YES;
				SWIFT_VERSION = 6.0;
				TARGETED_DEVICE_FAMILY = 1;
			};
			name = Debug;
		};
		FDA1939D2F16D14600CA57C5 /* Release */ = {
			isa = XCBuildConfiguration;
			buildSettings = {
				ASSETCATALOG_COMPILER_APPICON_NAME = AppIcon;
				ASSETCATALOG_COMPILER_GLOBAL_ACCENT_COLOR_NAME = AccentColor;
				CODE_SIGN_ENTITLEMENTS = VillainArc/VillainArc.entitlements;
				CODE_SIGN_IDENTITY = "Apple Development";
				CODE_SIGN_STYLE = Automatic;
				CURRENT_PROJECT_VERSION = 1;
				DEVELOPMENT_TEAM = X26SC78YDG;
				ENABLE_PREVIEWS = YES;
				GENERATE_INFOPLIST_FILE = YES;
				INFOPLIST_FILE = VillainArc/Info.plist;
				INFOPLIST_KEY_CFBundleDisplayName = "Villain Arc";
				INFOPLIST_KEY_ITSAppUsesNonExemptEncryption = NO;
				INFOPLIST_KEY_LSApplicationCategoryType = "public.app-category.healthcare-fitness";
				INFOPLIST_KEY_NSHealthShareUsageDescription = "Villain Arc reads your workouts, body weight, heart rate, energy, distance, routes, and related workout metrics so it can show workout details, health history, and workout-linked stats inside the app.";
				INFOPLIST_KEY_NSHealthUpdateUsageDescription = "Villain Arc saves your completed workouts and body weight entries to Apple Health so your workout history and progress stay in sync.";
				INFOPLIST_KEY_NSSupportsLiveActivities = YES;
				INFOPLIST_KEY_UIApplicationSceneManifest_Generation = YES;
				INFOPLIST_KEY_UIApplicationSupportsIndirectInputEvents = YES;
				INFOPLIST_KEY_UILaunchScreen_Generation = YES;
				INFOPLIST_KEY_UISupportedInterfaceOrientations = "UIInterfaceOrientationPortrait UIInterfaceOrientationPortraitUpsideDown";
				INFOPLIST_KEY_UISupportedInterfaceOrientations_iPad = "UIInterfaceOrientationLandscapeLeft UIInterfaceOrientationLandscapeRight UIInterfaceOrientationPortrait UIInterfaceOrientationPortraitUpsideDown";
				IPHONEOS_DEPLOYMENT_TARGET = 26.0;
				LD_RUNPATH_SEARCH_PATHS = (
					"$(inherited)",
					"@executable_path/Frameworks",
				);
				MARKETING_VERSION = 1.1;
				PRODUCT_BUNDLE_IDENTIFIER = com.fcttechnologies.VillainArc;
				PRODUCT_NAME = "$(TARGET_NAME)";
				PROVISIONING_PROFILE_SPECIFIER = "";
				STRING_CATALOG_GENERATE_SYMBOLS = YES;
				SUPPORTED_PLATFORMS = "iphoneos iphonesimulator";
				SUPPORTS_MACCATALYST = NO;
				SUPPORTS_MAC_DESIGNED_FOR_IPHONE_IPAD = NO;
				SUPPORTS_XR_DESIGNED_FOR_IPHONE_IPAD = NO;
				SWIFT_APPROACHABLE_CONCURRENCY = YES;
				SWIFT_DEFAULT_ACTOR_ISOLATION = MainActor;
				SWIFT_EMIT_LOC_STRINGS = YES;
				SWIFT_UPCOMING_FEATURE_MEMBER_IMPORT_VISIBILITY = YES;
				SWIFT_VERSION = 6.0;
				TARGETED_DEVICE_FAMILY = 1;
			};
			name = Release;
		};
/* End XCBuildConfiguration section */

/* Begin XCConfigurationList section */
		3552C2C32F8896B80068E09B /* Build configuration list for PBXNativeTarget "VillainArcWatch Watch App" */ = {
			isa = XCConfigurationList;
			buildConfigurations = (
				3552C2C42F8896B80068E09B /* Debug */,
				3552C2C52F8896B80068E09B /* Release */,
			);
			defaultConfigurationIsVisible = 0;
			defaultConfigurationName = Release;
		};
		FD6824642F33A712009F6D98 /* Build configuration list for PBXNativeTarget "VillainArcTests" */ = {
			isa = XCConfigurationList;
			buildConfigurations = (
				FD6824622F33A712009F6D98 /* Debug */,
				FD6824632F33A712009F6D98 /* Release */,
			);
			defaultConfigurationIsVisible = 0;
			defaultConfigurationName = Release;
		};
		FD6829122F31190700C83480 /* Build configuration list for PBXNativeTarget "VillainArcIntentsExtension" */ = {
			isa = XCConfigurationList;
			buildConfigurations = (
				FD6829132F31190700C83480 /* Debug */,
				FD6829142F31190700C83480 /* Release */,
			);
			defaultConfigurationIsVisible = 0;
			defaultConfigurationName = Release;
		};
		FD93E5F62F3051FE009569BB /* Build configuration list for PBXNativeTarget "VillainArcWidgetExtensionExtension" */ = {
			isa = XCConfigurationList;
			buildConfigurations = (
				FD93E5F72F3051FE009569BB /* Debug */,
				FD93E5F82F3051FE009569BB /* Release */,
			);
			defaultConfigurationIsVisible = 0;
			defaultConfigurationName = Release;
		};
		FDA1938B2F16D14500CA57C5 /* Build configuration list for PBXProject "VillainArc" */ = {
			isa = XCConfigurationList;
			buildConfigurations = (
				FDA193992F16D14600CA57C5 /* Debug */,
				FDA1939A2F16D14600CA57C5 /* Release */,
			);
			defaultConfigurationIsVisible = 0;
			defaultConfigurationName = Release;
		};
		FDA1939B2F16D14600CA57C5 /* Build configuration list for PBXNativeTarget "VillainArc" */ = {
			isa = XCConfigurationList;
			buildConfigurations = (
				FDA1939C2F16D14600CA57C5 /* Debug */,
				FDA1939D2F16D14600CA57C5 /* Release */,
			);
			defaultConfigurationIsVisible = 0;
			defaultConfigurationName = Release;
		};
/* End XCConfigurationList section */
	};
	rootObject = FDA193882F16D14500CA57C5 /* Project object */;
}
