// !$*UTF8*$!
{
	archiveVersion = 1;
	classes = {
	};
	objectVersion = 77;
	objects = {

/* Begin PBXBuildFile section */
		0EFD2294144CA53AFC24080B /* FCTSync in Frameworks */ = {isa = PBXBuildFile; productRef = 57CA85F33D542E5A71727A42 /* FCTSync */; };
		56CA555CA0317919EA0F84B9 /* FCTMetrics in Frameworks */ = {isa = PBXBuildFile; productRef = FEB01967AEAA81A937A68611 /* FCTMetrics */; };
		422658CAFC14C82AE316D8AC /* FCTSupport in Frameworks */ = {isa = PBXBuildFile; productRef = F11105FC542AECB144717350 /* FCTSupport */; };
		A1C0FF11E0A57A5701000011 /* FCTFeedback in Frameworks */ = {isa = PBXBuildFile; productRef = A1C0FF11E0A57A5701000010 /* FCTFeedback */; };
		A1C0FF11E0A57A5701000001 /* FCTComponentsUI in Frameworks */ = {isa = PBXBuildFile; productRef = A1C0FF11E0A57A5701000002 /* FCTComponentsUI */; };
		A1C0FF11E0A57A5701000003 /* FCTComponentsUI in Frameworks */ = {isa = PBXBuildFile; productRef = A1C0FF11E0A57A5701000004 /* FCTComponentsUI */; };
		D4BC24D8C1D1EFBDBE4C8357 /* FCTAccount in Frameworks */ = {isa = PBXBuildFile; productRef = D8FA06B6B7B5CF17A2DD9909 /* FCTAccount */; };
		340B1AD4210BC5758E00EA38 /* FCTAccount in Frameworks */ = {isa = PBXBuildFile; productRef = EF85D33CF5A4BA9547AE5489 /* FCTAccount */; };
		45585E5A258EBE227EEDE0AF /* FCTServerSync in Frameworks */ = {isa = PBXBuildFile; productRef = F9462B24032FEF4C537E2AA3 /* FCTServerSync */; };
		DFDF33BB6D9E4855B7D487D2 /* FCTServerSync in Frameworks */ = {isa = PBXBuildFile; productRef = 4501DEBEAC5182DF503EC78A /* FCTServerSync */; };
		89568A4EEC63978F7CEF1F28 /* FCTBlobSync in Frameworks */ = {isa = PBXBuildFile; productRef = 43BB4D57414397C10B87CD9A /* FCTBlobSync */; };
		B33E569A214B3C6F6ECC535D /* FCTBlobSync in Frameworks */ = {isa = PBXBuildFile; productRef = CC25C248A441F993B2DBA2C8 /* FCTBlobSync */; };
		F1E922FA2695334BF91C753A /* FCTMetrics in Frameworks */ = {isa = PBXBuildFile; productRef = D05DFE91FD16B53C66014B6C /* FCTMetrics */; };
		196E9675A290A7AC27404DC8 /* FCTServerSyncTesting in Frameworks */ = {isa = PBXBuildFile; productRef = C55DDEE9DDDBB1CE8AA7EF6E /* FCTServerSyncTesting */; };
		DB9514D7555E43B23B1723BC /* FCTBlobSyncTesting in Frameworks */ = {isa = PBXBuildFile; productRef = AC256FCF36A769C079EE33D1 /* FCTBlobSyncTesting */; };
		0F00ACC4201BC44A3D451123 /* FCTSync in Frameworks */ = {isa = PBXBuildFile; productRef = D9589A0FAF7667BC425CCA9A /* FCTSync */; };
		7B3C1A9E4D25F0816AC3E5D9 /* FCTOnboarding in Frameworks */ = {isa = PBXBuildFile; productRef = 6E92D4C10FA37B58E2416D0A /* FCTOnboarding */; };
		9C41E7A20B5D48F1A6E30001 /* FCTScreenshotStudio in Frameworks */ = {isa = PBXBuildFile; productRef = 9C41E7A20B5D48F1A6E30002 /* FCTScreenshotStudio */; };
		A1C0FF11E0A57A5701000021 /* FCTStoreKit in Frameworks */ = {isa = PBXBuildFile; productRef = A1C0FF11E0A57A5701000020 /* FCTStoreKit */; };
		A1C0FF11E0A57A5701000023 /* FCTStoreKitTesting in Frameworks */ = {isa = PBXBuildFile; productRef = A1C0FF11E0A57A5701000022 /* FCTStoreKitTesting */; };
		354CA66B2F535701005622B1 /* README.md in Resources */ = {isa = PBXBuildFile; fileRef = 354CA66A2F535701005622B1 /* README.md */; };
		38F5B4EA9DF12A08A0B96B49 /* FCTEntities in Frameworks */ = {isa = PBXBuildFile; productRef = B4373FF459A151B3B305FDAA /* FCTEntities */; };
		8E388E3FF8AA1FB43DC8C1CB /* FCTSync in Frameworks */ = {isa = PBXBuildFile; productRef = C5EC413C794E0ED7DF5B6881 /* FCTSync */; };
		912F77127216E6A720D55660 /* FCTIntelligence in Frameworks */ = {isa = PBXBuildFile; productRef = 254EA949EE4842D7AF0AE15A /* FCTIntelligence */; };
		A54F0367A912B1480985484F /* Foundation.framework in Frameworks */ = {isa = PBXBuildFile; fileRef = 57340E3AA3AF074CD4BF345E /* Foundation.framework */; };
		C61D188DE205EED2135DCDD6 /* FCTEntities in Frameworks */ = {isa = PBXBuildFile; productRef = EF47D003449BB9F5A885E3F4 /* FCTEntities */; };
		DB5153E291329ED28DE3BE58 /* FCTEntities in Frameworks */ = {isa = PBXBuildFile; productRef = C382025D55A14347E9C351BD /* FCTEntities */; };
		FD68290A2F31190700C83480 /* Intents.framework in Frameworks */ = {isa = PBXBuildFile; fileRef = FD6829092F31190700C83480 /* Intents.framework */; };
		FD6829112F31190700C83480 /* VillainArcIntentsExtension.appex in Embed Foundation Extensions */ = {isa = PBXBuildFile; fileRef = FD6829082F31190700C83480 /* VillainArcIntentsExtension.appex */; settings = {ATTRIBUTES = (RemoveHeadersOnCopy, ); }; };
		FD93E5E72F3051FD009569BB /* WidgetKit.framework in Frameworks */ = {isa = PBXBuildFile; fileRef = FD93E5E62F3051FD009569BB /* WidgetKit.framework */; };
		FD93E5E92F3051FD009569BB /* SwiftUI.framework in Frameworks */ = {isa = PBXBuildFile; fileRef = FD93E5E82F3051FD009569BB /* SwiftUI.framework */; };
		FD93E5F42F3051FD009569BB /* VillainArcWidgetExtensionExtension.appex in Embed Foundation Extensions */ = {isa = PBXBuildFile; fileRef = FD93E5E42F3051FD009569BB /* VillainArcWidgetExtensionExtension.appex */; settings = {ATTRIBUTES = (RemoveHeadersOnCopy, ); }; };
		FDAB6AF12FC769540085E0F0 /* MuscleMap in Frameworks */ = {isa = PBXBuildFile; productRef = FDAB6AF02FC769540085E0F0 /* MuscleMap */; };
		FDACE00A2F7000000000000A /* VillainArcWatchApp.app in Embed Watch Content */ = {isa = PBXBuildFile; fileRef = FDACE0012F70000000000001 /* VillainArcWatchApp.app */; settings = {ATTRIBUTES = (RemoveHeadersOnCopy, ); }; };
		0D9F69C9333C4442BFFD771E /* FCTAccountProfile in Frameworks */ = {isa = PBXBuildFile; productRef = 4DFA0218535E4C26833BDE8F /* FCTAccountProfile */; };
		0A3051DD2D114A44A2CEEE31 /* FCTAccountProfile in Frameworks */ = {isa = PBXBuildFile; productRef = 9EEA8D34579A4F0E97118B04 /* FCTAccountProfile */; };
		9175825B677147B5947EDD54 /* FCTAccountProfile in Frameworks */ = {isa = PBXBuildFile; productRef = 46A67251246C45D298B6997B /* FCTAccountProfile */; };
/* End PBXBuildFile section */

/* Begin PBXContainerItemProxy section */
		FD6824602F33A712009F6D98 /* PBXContainerItemProxy */ = {
			isa = PBXContainerItemProxy;
			containerPortal = FDA193882F16D14500CA57C5 /* Project object */;
			proxyType = 1;
			remoteGlobalIDString = FDA1938F2F16D14500CA57C5;
			remoteInfo = VillainArc;
		};
		FD68290F2F31190700C83480 /* PBXContainerItemProxy */ = {
			isa = PBXContainerItemProxy;
			containerPortal = FDA193882F16D14500CA57C5 /* Project object */;
			proxyType = 1;
			remoteGlobalIDString = FD6829072F31190700C83480;
			remoteInfo = VillainArcIntentsExtension;
		};
		FD93E5F22F3051FD009569BB /* PBXContainerItemProxy */ = {
			isa = PBXContainerItemProxy;
			containerPortal = FDA193882F16D14500CA57C5 /* Project object */;
			proxyType = 1;
			remoteGlobalIDString = FD93E5E32F3051FD009569BB;
			remoteInfo = VillainArcWidgetExtensionExtension;
		};
		FDACE00C2F7000000000000C /* PBXContainerItemProxy */ = {
			isa = PBXContainerItemProxy;
			containerPortal = FDA193882F16D14500CA57C5 /* Project object */;
			proxyType = 1;
			remoteGlobalIDString = FDACE0032F70000000000003;
			remoteInfo = VillainArcWatchApp;
		};
/* End PBXContainerItemProxy section */

/* Begin PBXCopyFilesBuildPhase section */
		FD18C78A2F248B3000EB287C /* Embed ExtensionKit Extensions */ = {
			isa = PBXCopyFilesBuildPhase;
			buildActionMask = 2147483647;
			dstPath = "$(EXTENSIONS_FOLDER_PATH)";
			dstSubfolderSpec = 16;
			files = (
			);
			name = "Embed ExtensionKit Extensions";
			runOnlyForDeploymentPostprocessing = 0;
		};
		FD93E5F92F3051FE009569BB /* Embed Foundation Extensions */ = {
			isa = PBXCopyFilesBuildPhase;
			buildActionMask = 2147483647;
			dstPath = "";
			dstSubfolderSpec = 13;
			files = (
				FD6829112F31190700C83480 /* VillainArcIntentsExtension.appex in Embed Foundation Extensions */,
				FD93E5F42F3051FD009569BB /* VillainArcWidgetExtensionExtension.appex in Embed Foundation Extensions */,
			);
			name = "Embed Foundation Extensions";
			runOnlyForDeploymentPostprocessing = 0;
		};
		FDACE00B2F7000000000000B /* Embed Watch Content */ = {
			isa = PBXCopyFilesBuildPhase;
			buildActionMask = 2147483647;
			dstPath = "$(CONTENTS_FOLDER_PATH)/Watch";
			dstSubfolderSpec = 16;
			files = (
				FDACE00A2F7000000000000A /* VillainArcWatchApp.app in Embed Watch Content */,
			);
			name = "Embed Watch Content";
			runOnlyForDeploymentPostprocessing = 0;
		};
/* End PBXCopyFilesBuildPhase section */

/* Begin PBXFileReference section */
		354CA66A2F535701005622B1 /* README.md */ = {isa = PBXFileReference; lastKnownFileType = net.daringfireball.markdown; path = README.md; sourceTree = "<group>"; };
		57340E3AA3AF074CD4BF345E /* Foundation.framework */ = {isa = PBXFileReference; lastKnownFileType = wrapper.framework; name = Foundation.framework; path = Platforms/iPhoneOS.platform/Developer/SDKs/iPhoneOS18.0.sdk/System/Library/Frameworks/Foundation.framework; sourceTree = DEVELOPER_DIR; };
		FD68245C2F33A712009F6D98 /* VillainArcTests.xctest */ = {isa = PBXFileReference; explicitFileType = wrapper.cfbundle; includeInIndex = 0; path = VillainArcTests.xctest; sourceTree = BUILT_PRODUCTS_DIR; };
		FD6829082F31190700C83480 /* VillainArcIntentsExtension.appex */ = {isa = PBXFileReference; explicitFileType = "wrapper.app-extension"; includeInIndex = 0; path = VillainArcIntentsExtension.appex; sourceTree = BUILT_PRODUCTS_DIR; };
		FD6829092F31190700C83480 /* Intents.framework */ = {isa = PBXFileReference; lastKnownFileType = wrapper.framework; name = Intents.framework; path = System/Library/Frameworks/Intents.framework; sourceTree = SDKROOT; };
		FD93E5E42F3051FD009569BB /* VillainArcWidgetExtensionExtension.appex */ = {isa = PBXFileReference; explicitFileType = "wrapper.app-extension"; includeInIndex = 0; path = VillainArcWidgetExtensionExtension.appex; sourceTree = BUILT_PRODUCTS_DIR; };
		FD93E5E62F3051FD009569BB /* WidgetKit.framework */ = {isa = PBXFileReference; lastKnownFileType = wrapper.framework; name = WidgetKit.framework; path = System/Library/Frameworks/WidgetKit.framework; sourceTree = SDKROOT; };
		FD93E5E82F3051FD009569BB /* SwiftUI.framework */ = {isa = PBXFileReference; lastKnownFileType = wrapper.framework; name = SwiftUI.framework; path = System/Library/Frameworks/SwiftUI.framework; sourceTree = SDKROOT; };
		FD93E5FA2F305206009569BB /* VillainArcWidgetExtensionExtension.entitlements */ = {isa = PBXFileReference; lastKnownFileType = text.plist.entitlements; path = VillainArcWidgetExtensionExtension.entitlements; sourceTree = "<group>"; };
		FDA193902F16D14500CA57C5 /* VillainArc.app */ = {isa = PBXFileReference; explicitFileType = wrapper.application; includeInIndex = 0; path = VillainArc.app; sourceTree = BUILT_PRODUCTS_DIR; };
		FDA193A12F16F90000CA57C5 /* .gitignore */ = {isa = PBXFileReference; lastKnownFileType = text; path = .gitignore; sourceTree = "<group>"; };
		FDACE0012F70000000000001 /* VillainArcWatchApp.app */ = {isa = PBXFileReference; explicitFileType = wrapper.application; includeInIndex = 0; path = VillainArcWatchApp.app; sourceTree = BUILT_PRODUCTS_DIR; };
/* End PBXFileReference section */

/* Begin PBXFileSystemSynchronizedBuildFileExceptionSet section */
		FD6829152F31190700C83480 /* Exceptions for "VillainArcIntentsExtension" folder in "VillainArcIntentsExtension" target */ = {
			isa = PBXFileSystemSynchronizedBuildFileExceptionSet;
			membershipExceptions = (
				Info.plist,
			);
			target = FD6829072F31190700C83480 /* VillainArcIntentsExtension */;
		};
		FD93E5F52F3051FD009569BB /* Exceptions for "VillainArcWidgetExtension" folder in "VillainArcWidgetExtensionExtension" target */ = {
			isa = PBXFileSystemSynchronizedBuildFileExceptionSet;
			membershipExceptions = (
				Info.plist,
			);
			target = FD93E5E32F3051FD009569BB /* VillainArcWidgetExtensionExtension */;
		};
		FD93E5FC2F305224009569BB /* Exceptions for "VillainArc" folder in "VillainArc" target */ = {
			isa = PBXFileSystemSynchronizedBuildFileExceptionSet;
			membershipExceptions = (
				Documentation/APP_INTENTS_AUDIT.md,
				Documentation/EXERCISE_HISTORY_FLOW.md,
				Documentation/HEALTHKIT_INTEGRATION.md,
				Documentation/ONBOARDING_FLOW.md,
				Documentation/PLAN_EDITING_FLOW.md,
				Documentation/PROJECT_GUIDE.md,
				Documentation/SESSION_LIFECYCLE_FLOW.md,
				Documentation/SUGGESTION_AND_OUTCOME_FLOW.md,
				Documentation/TEMPLATES_FLOW.md,
				Documentation/WATCH_COMPANION.md,
				Documentation/WORKOUT_SPLIT_FLOW.md,
				Info.plist,
			);
			target = FDA1938F2F16D14500CA57C5 /* VillainArc */;
		};
		FD93E60D2F305327009569BB /* Exceptions for "VillainArc" folder in "VillainArcWidgetExtensionExtension" target */ = {
			isa = PBXFileSystemSynchronizedBuildFileExceptionSet;
			membershipExceptions = (
				Data/LiveActivity/CardioActivityManager.swift,
				Data/LiveActivity/CardioLiveActivityMetric.swift,
				Data/LiveActivity/WorkoutActivityAttributes.swift,
				Data/LiveActivity/WorkoutActivityManager.swift,
				Data/Models/AppSettings.swift,
				Data/Models/Enums/AppAppearanceMode.swift,
				Data/Models/Enums/AppTab.swift,
				Data/Models/Enums/Exercise/EquipmentType.swift,
				Data/Models/Enums/Exercise/ExerciseSetType.swift,
				Data/Models/Enums/Exercise/Muscle.swift,
				Data/Models/Enums/Exercise/MuscleGroups.swift,
				Data/Models/Enums/Exercise/RepRangeMode.swift,
				Data/Models/Enums/Health/HydrationEventNotificationMode.swift,
				Data/Models/Enums/Health/SleepNotificationMode.swift,
				Data/Models/Enums/Health/StepsEventNotificationMode.swift,
				Data/Models/Enums/Health/WeightGoalEndReason.swift,
				Data/Models/Enums/Health/WeightGoalType.swift,
				Data/Models/Enums/Other/FitnessLevel.swift,
				Data/Models/Enums/Other/UserGender.swift,
				Data/Models/Enums/Other/UserProfileOnboardingStep.swift,
				Data/Models/Enums/Sessions/MoodLevel.swift,
				Data/Models/Enums/Sessions/SessionOutcome.swift,
				Data/Models/Enums/Sessions/SessionStatus.swift,
				Data/Models/Enums/SplitMode.swift,
				Data/Models/Enums/Suggestions/ChangeType.swift,
				Data/Models/Enums/Suggestions/Decision.swift,
				Data/Models/Enums/Suggestions/DecisionReason.swift,
				Data/Models/Enums/Suggestions/Outcome.swift,
				Data/Models/Enums/Suggestions/SuggestionCategory.swift,
				Data/Models/Enums/Suggestions/SuggestionConfidenceTier.swift,
				Data/Models/Enums/Suggestions/SuggestionRule.swift,
				Data/Models/Enums/Suggestions/SuggestionSource.swift,
				Data/Models/Enums/Suggestions/TrainingStyle.swift,
				Data/Models/Enums/Suggestions/UserFeedback.swift,
				Data/Models/Enums/Training/TrainingConditionKind.swift,
				Data/Models/Enums/Training/TrainingGoalKind.swift,
				Data/Models/Enums/Training/TrainingImpact.swift,
				Data/Models/Enums/Units/DistanceUnit.swift,
				Data/Models/Enums/Units/EnergyUnit.swift,
				Data/Models/Enums/Units/HeightUnit.swift,
				Data/Models/Enums/Units/HydrationUnit.swift,
				Data/Models/Enums/Units/SpeedUnit.swift,
				Data/Models/Enums/Units/TemperatureUnit.swift,
				Data/Models/Enums/Units/WeightUnit.swift,
				Data/Models/Exercise/Exercise.swift,
				Data/Models/Exercise/ExerciseCatalog.swift,
				Data/Models/Exercise/ExercisePreference.swift,
				Data/Models/Exercise/ExerciseHistory.swift,
				Data/Models/Exercise/ProgressionPoint.swift,
				Data/Models/Exercise/RepRangePolicy.swift,
				Data/Models/Exercise/RestTimeDefaults.swift,
				Data/Models/Health/HealthEnergy.swift,
				Data/Models/Health/HealthHeart.swift,
				Data/Models/Health/HealthKitCatalog.swift,
				Data/Models/Health/HealthRespiratoryRate.swift,
				Data/Models/Health/HealthSleepBlock.swift,
				Data/Models/Health/HealthSleepNight.swift,
				Data/Models/Health/HealthStepsDistance.swift,
				Data/Models/Health/HealthSyncState.swift,
				Data/Models/Health/HealthWorkout.swift,
				Data/Models/Health/HealthWristTemperature.swift,
				Data/Models/Health/HydrationDay.swift,
				Data/Models/Health/HydrationEntry.swift,
				Data/Models/Health/HydrationGoal.swift,
				Data/Models/Health/SleepGoal.swift,
				Data/Models/Health/StepsGoal.swift,
				Data/Models/Health/WeightEntry.swift,
				Data/Models/Health/WeightGoal.swift,
				Data/Models/Plans/ExercisePrescription.swift,
				Data/Models/Plans/SetPrescription.swift,
				Data/Models/Plans/WorkoutPlan.swift,
				"Data/Models/Plans/WorkoutPlan+Editing.swift",
				Data/Models/RestTimeHistory.swift,
				Data/Models/Sessions/CardioSession.swift,
				Data/Models/Sessions/ExercisePerformance.swift,
				Data/Models/Sessions/PreWorkoutContext.swift,
				Data/Models/Sessions/SetPerformance.swift,
				Data/Models/Sessions/WorkoutSession.swift,
				Data/Models/Suggestions/PrescriptionChange.swift,
				Data/Models/Suggestions/SuggestionEvaluation.swift,
				Data/Models/Suggestions/SuggestionEvent.swift,
				Data/Models/Suggestions/SuggestionGrouping.swift,
				Data/Models/Suggestions/SuggestionSnapshots.swift,
				Data/Models/Training/TrainingConditionPeriod.swift,
				Data/Models/Training/TrainingGoal.swift,
				Data/Models/UserProfile.swift,
				Data/Models/WorkoutSplit/WorkoutSplit.swift,
				Data/Models/WorkoutSplit/WorkoutSplitDay.swift,
				Data/Protocols/RestTimeEditable.swift,
				Data/Schema/VillainArcSchemaV1.swift,
				Data/Services/AI/Shared/FoundationModelPrewarmer.swift,
				Data/Sync/VASyncIdentity.swift,
				Data/Services/App/VADiagVocabulary.swift,
				Data/Services/App/AppLog.swift,
				Data/Services/App/AppRouter.swift,
				Data/Services/App/DataManager.swift,
				Data/Services/App/NotificationCoordinator.swift,
				Data/Services/App/SetupGuard.swift,
				Data/Services/App/SpotlightIndexer.swift,
				Data/Services/Cardio/CardioHealthWorkoutCoordinator.swift,
				Data/Services/Cardio/CardioRouteRecorder.swift,
				Data/Services/HealthKit/Authorization/HealthAuthorizationManager.swift,
				Data/Services/HealthKit/HealthMirrorSupport.swift,
				Data/Services/HealthKit/Live/HealthLiveWorkoutSessionCoordinator.swift,
				Data/Services/HealthKit/Sync/SleepGoalEvaluator.swift,
				Data/Services/HealthKit/Sync/StepsCoachingEvaluator.swift,
				Data/Services/Training/SplitScheduleResolver.swift,
				Data/Services/Training/TrainingConditionStore.swift,
				Data/Services/Workout/RestTimerState.swift,
				Data/SharedModelContainer.swift,
				Helpers/ExerciseSearch.swift,
				Helpers/FormattingHelpers.swift,
				Helpers/Haptics.swift,
				Intents/Cardio/CardioSessionEntity.swift,
				Intents/Exercise/ExerciseEntity.swift,
				Intents/LiveActivity/LiveActivityAddExerciseIntent.swift,
				Intents/LiveActivity/LiveActivityCompleteSetIntent.swift,
				Intents/LiveActivity/LiveActivityPauseRestTimerIntent.swift,
				Intents/LiveActivity/LiveActivityResumeRestTimerIntent.swift,
				Intents/OpenAppIntent.swift,
				Intents/Workout/OpenActiveWorkoutIntent.swift,
				Intents/Workout/StartWorkoutIntent.swift,
				Intents/Workout/WorkoutSessionEntity.swift,
				Intents/WorkoutPlan/WorkoutPlanEntity.swift,
				Intents/WorkoutSplit/CreateWorkoutSplitIntent.swift,
				Intents/WorkoutSplit/ManageWorkoutSplitsIntent.swift,
				Intents/WorkoutSplit/OpenWorkoutSplitIntent.swift,
				Intents/WorkoutSplit/StartTodaysWorkoutIntent.swift,
				Intents/WorkoutSplit/WorkoutSplitEntity.swift,
				Views/Components/Overlays/ToastPresets.swift,
				Views/MorphingTabBar.swift,
			);
			target = FD93E5E32F3051FD009569BB /* VillainArcWidgetExtensionExtension */;
		};
		FDACE00E2F7000000000000E /* Exceptions for "VillainArc" folder in "VillainArcWatchApp" target */ = {
			isa = PBXFileSystemSynchronizedBuildFileExceptionSet;
			membershipExceptions = (
				Data/Watch/WatchSyncContract.swift,
			);
			target = FDACE0032F70000000000003 /* VillainArcWatchApp */;
		};
/* End PBXFileSystemSynchronizedBuildFileExceptionSet section */

/* Begin PBXFileSystemSynchronizedRootGroup section */
		FD68245D2F33A712009F6D98 /* VillainArcTests */ = {
			isa = PBXFileSystemSynchronizedRootGroup;
			exceptions = (
			);
			path = VillainArcTests;
			sourceTree = "<group>";
		};
		FD68290B2F31190700C83480 /* VillainArcIntentsExtension */ = {
			isa = PBXFileSystemSynchronizedRootGroup;
			exceptions = (
				FD6829152F31190700C83480 /* Exceptions for "VillainArcIntentsExtension" folder in "VillainArcIntentsExtension" target */,
			);
			path = VillainArcIntentsExtension;
			sourceTree = "<group>";
		};
		FD93E5EA2F3051FD009569BB /* VillainArcWidgetExtension */ = {
			isa = PBXFileSystemSynchronizedRootGroup;
			exceptions = (
				FD93E5F52F3051FD009569BB /* Exceptions for "VillainArcWidgetExtension" folder in "VillainArcWidgetExtensionExtension" target */,
			);
			path = VillainArcWidgetExtension;
			sourceTree = "<group>";
		};
		FDA193922F16D14500CA57C5 /* VillainArc */ = {
			isa = PBXFileSystemSynchronizedRootGroup;
			exceptions = (
				FD93E5FC2F305224009569BB /* Exceptions for "VillainArc" folder in "VillainArc" target */,
				FD93E60D2F305327009569BB /* Exceptions for "VillainArc" folder in "VillainArcWidgetExtensionExtension" target */,
				FDACE00E2F7000000000000E /* Exceptions for "VillainArc" folder in "VillainArcWatchApp" target */,
			);
			path = VillainArc;
			sourceTree = "<group>";
		};
		FDACE0022F70000000000002 /* VillainArcWatchApp */ = {
			isa = PBXFileSystemSynchronizedRootGroup;
			exceptions = (
			);
			path = VillainArcWatchApp;
			sourceTree = "<group>";
		};
/* End PBXFileSystemSynchronizedRootGroup section */

/* Begin PBXFrameworksBuildPhase section */
		FD6824592F33A712009F6D98 /* Frameworks */ = {
			isa = PBXFrameworksBuildPhase;
			buildActionMask = 2147483647;
			files = (
				0A3051DD2D114A44A2CEEE31 /* FCTAccountProfile in Frameworks */,
				340B1AD4210BC5758E00EA38 /* FCTAccount in Frameworks */,
				DFDF33BB6D9E4855B7D487D2 /* FCTServerSync in Frameworks */,
				B33E569A214B3C6F6ECC535D /* FCTBlobSync in Frameworks */,
				196E9675A290A7AC27404DC8 /* FCTServerSyncTesting in Frameworks */,
				DB9514D7555E43B23B1723BC /* FCTBlobSyncTesting in Frameworks */,
				A1C0FF11E0A57A5701000023 /* FCTStoreKitTesting in Frameworks */,
				DB5153E291329ED28DE3BE58 /* FCTEntities in Frameworks */,
				0EFD2294144CA53AFC24080B /* FCTSync in Frameworks */,
			);
			runOnlyForDeploymentPostprocessing = 0;
		};
		FD6829052F31190700C83480 /* Frameworks */ = {
			isa = PBXFrameworksBuildPhase;
			buildActionMask = 2147483647;
			files = (
				FD68290A2F31190700C83480 /* Intents.framework in Frameworks */,
			);
			runOnlyForDeploymentPostprocessing = 0;
		};
		FD93E5E12F3051FD009569BB /* Frameworks */ = {
			isa = PBXFrameworksBuildPhase;
			buildActionMask = 2147483647;
			files = (
				9175825B677147B5947EDD54 /* FCTAccountProfile in Frameworks */,
				56CA555CA0317919EA0F84B9 /* FCTMetrics in Frameworks */,
				FD93E5E92F3051FD009569BB /* SwiftUI.framework in Frameworks */,
				FD93E5E72F3051FD009569BB /* WidgetKit.framework in Frameworks */,
				C61D188DE205EED2135DCDD6 /* FCTEntities in Frameworks */,
				8E388E3FF8AA1FB43DC8C1CB /* FCTSync in Frameworks */,
				A1C0FF11E0A57A5701000003 /* FCTComponentsUI in Frameworks */,
			);
			runOnlyForDeploymentPostprocessing = 0;
		};
		FDA1938D2F16D14500CA57C5 /* Frameworks */ = {
			isa = PBXFrameworksBuildPhase;
			buildActionMask = 2147483647;
			files = (
				0D9F69C9333C4442BFFD771E /* FCTAccountProfile in Frameworks */,
				422658CAFC14C82AE316D8AC /* FCTSupport in Frameworks */,
				A1C0FF11E0A57A5701000011 /* FCTFeedback in Frameworks */,
				D4BC24D8C1D1EFBDBE4C8357 /* FCTAccount in Frameworks */,
				45585E5A258EBE227EEDE0AF /* FCTServerSync in Frameworks */,
				89568A4EEC63978F7CEF1F28 /* FCTBlobSync in Frameworks */,
				F1E922FA2695334BF91C753A /* FCTMetrics in Frameworks */,
				FDAB6AF12FC769540085E0F0 /* MuscleMap in Frameworks */,
				912F77127216E6A720D55660 /* FCTIntelligence in Frameworks */,
				38F5B4EA9DF12A08A0B96B49 /* FCTEntities in Frameworks */,
				0F00ACC4201BC44A3D451123 /* FCTSync in Frameworks */,
				7B3C1A9E4D25F0816AC3E5D9 /* FCTOnboarding in Frameworks */,
				9C41E7A20B5D48F1A6E30001 /* FCTScreenshotStudio in Frameworks */,
				A1C0FF11E0A57A5701000021 /* FCTStoreKit in Frameworks */,
				A1C0FF11E0A57A5701000001 /* FCTComponentsUI in Frameworks */,
			);
			runOnlyForDeploymentPostprocessing = 0;
		};
		FDACE0082F70000000000008 /* Frameworks */ = {
			isa = PBXFrameworksBuildPhase;
			buildActionMask = 2147483647;
			files = (
			);
			runOnlyForDeploymentPostprocessing = 0;
		};
/* End PBXFrameworksBuildPhase section */

/* Begin PBXGroup section */
		1C9299553117AB8321369894 /* iOS */ = {
			isa = PBXGroup;
			children = (
				57340E3AA3AF074CD4BF345E /* Foundation.framework */,
			);
			name = iOS;
			sourceTree = "<group>";
		};
		FD93E5E52F3051FD009569BB /* Frameworks */ = {
			isa = PBXGroup;
			children = (
				FD93E5E62F3051FD009569BB /* WidgetKit.framework */,
				FD93E5E82F3051FD009569BB /* SwiftUI.framework */,
				FD6829092F31190700C83480 /* Intents.framework */,
				1C9299553117AB8321369894 /* iOS */,
			);
			name = Frameworks;
			sourceTree = "<group>";
		};
		FDA193872F16D14500CA57C5 = {
			isa = PBXGroup;
			children = (
				354CA66A2F535701005622B1 /* README.md */,
				FD93E5FA2F305206009569BB /* VillainArcWidgetExtensionExtension.entitlements */,
				FDA193A12F16F90000CA57C5 /* .gitignore */,
				FDA193922F16D14500CA57C5 /* VillainArc */,
				FDACE0022F70000000000002 /* VillainArcWatchApp */,
				FD93E5EA2F3051FD009569BB /* VillainArcWidgetExtension */,
				FD68290B2F31190700C83480 /* VillainArcIntentsExtension */,
				FD68245D2F33A712009F6D98 /* VillainArcTests */,
				FD93E5E52F3051FD009569BB /* Frameworks */,
				FDA193912F16D14500CA57C5 /* Products */,
			);
			sourceTree = "<group>";
		};
		FDA193912F16D14500CA57C5 /* Products */ = {
			isa = PBXGroup;
			children = (
				FDA193902F16D14500CA57C5 /* VillainArc.app */,
				FDACE0012F70000000000001 /* VillainArcWatchApp.app */,
				FD93E5E42F3051FD009569BB /* VillainArcWidgetExtensionExtension.appex */,
				FD6829082F31190700C83480 /* VillainArcIntentsExtension.appex */,
				FD68245C2F33A712009F6D98 /* VillainArcTests.xctest */,
			);
			name = Products;
			sourceTree = "<group>";
		};
/* End PBXGroup section */

/* Begin PBXNativeTarget section */
		FD68245B2F33A712009F6D98 /* VillainArcTests */ = {
			isa = PBXNativeTarget;
			buildConfigurationList = FD6824642F33A712009F6D98 /* Build configuration list for PBXNativeTarget "VillainArcTests" */;
			buildPhases = (
				FD6824582F33A712009F6D98 /* Sources */,
				FD6824592F33A712009F6D98 /* Frameworks */,
				FD68245A2F33A712009F6D98 /* Resources */,
			);
			buildRules = (
			);
			dependencies = (
				FD6824612F33A712009F6D98 /* PBXTargetDependency */,
			);
			fileSystemSynchronizedGroups = (
				FD68245D2F33A712009F6D98 /* VillainArcTests */,
			);
			name = VillainArcTests;
			packageProductDependencies = (
				C382025D55A14347E9C351BD /* FCTEntities */,
				57CA85F33D542E5A71727A42 /* FCTSync */,
				A1C0FF11E0A57A5701000022 /* FCTStoreKitTesting */,
			);
			productName = VillainArcTests;
			productReference = FD68245C2F33A712009F6D98 /* VillainArcTests.xctest */;
			productType = "com.apple.product-type.bundle.unit-test";
		};
		FD6829072F31190700C83480 /* VillainArcIntentsExtension */ = {
			isa = PBXNativeTarget;
			buildConfigurationList = FD6829122F31190700C83480 /* Build configuration list for PBXNativeTarget "VillainArcIntentsExtension" */;
			buildPhases = (
				FD6829042F31190700C83480 /* Sources */,
				FD6829052F31190700C83480 /* Frameworks */,
				FD6829062F31190700C83480 /* Resources */,
			);
			buildRules = (
			);
			dependencies = (
			);
			fileSystemSynchronizedGroups = (
				FD68290B2F31190700C83480 /* VillainArcIntentsExtension */,
			);
			name = VillainArcIntentsExtension;
			productName = VillainArcIntentsExtension;
			productReference = FD6829082F31190700C83480 /* VillainArcIntentsExtension.appex */;
			productType = "com.apple.product-type.app-extension";
		};
		FD93E5E32F3051FD009569BB /* VillainArcWidgetExtensionExtension */ = {
			isa = PBXNativeTarget;
			buildConfigurationList = FD93E5F62F3051FE009569BB /* Build configuration list for PBXNativeTarget "VillainArcWidgetExtensionExtension" */;
			buildPhases = (
				FD93E5E02F3051FD009569BB /* Sources */,
				FD93E5E12F3051FD009569BB /* Frameworks */,
				FD93E5E22F3051FD009569BB /* Resources */,
			);
			buildRules = (
			);
			dependencies = (
			);
			fileSystemSynchronizedGroups = (
				FD93E5EA2F3051FD009569BB /* VillainArcWidgetExtension */,
			);
			name = VillainArcWidgetExtensionExtension;
			packageProductDependencies = (
				EF47D003449BB9F5A885E3F4 /* FCTEntities */,
				C5EC413C794E0ED7DF5B6881 /* FCTSync */,
				A1C0FF11E0A57A5701000004 /* FCTComponentsUI */,
			);
			productName = VillainArcWidgetExtensionExtension;
			productReference = FD93E5E42F3051FD009569BB /* VillainArcWidgetExtensionExtension.appex */;
			productType = "com.apple.product-type.app-extension";
		};
		FDA1938F2F16D14500CA57C5 /* VillainArc */ = {
			isa = PBXNativeTarget;
			buildConfigurationList = FDA1939B2F16D14600CA57C5 /* Build configuration list for PBXNativeTarget "VillainArc" */;
			buildPhases = (
				FDA1938C2F16D14500CA57C5 /* Sources */,
				FDA1938D2F16D14500CA57C5 /* Frameworks */,
				FDA1938E2F16D14500CA57C5 /* Resources */,
				FD18C78A2F248B3000EB287C /* Embed ExtensionKit Extensions */,
				FD93E5F92F3051FE009569BB /* Embed Foundation Extensions */,
				FDACE00B2F7000000000000B /* Embed Watch Content */,
			);
			buildRules = (
			);
			dependencies = (
				FD93E5F32F3051FD009569BB /* PBXTargetDependency */,
				FD6829102F31190700C83480 /* PBXTargetDependency */,
				FDACE00D2F7000000000000D /* PBXTargetDependency */,
			);
			fileSystemSynchronizedGroups = (
				FDA193922F16D14500CA57C5 /* VillainArc */,
			);
			name = VillainArc;
			packageProductDependencies = (
				F11105FC542AECB144717350 /* FCTSupport */,
				A1C0FF11E0A57A5701000010 /* FCTFeedback */,
				FDAB6AF02FC769540085E0F0 /* MuscleMap */,
				254EA949EE4842D7AF0AE15A /* FCTIntelligence */,
				B4373FF459A151B3B305FDAA /* FCTEntities */,
				D9589A0FAF7667BC425CCA9A /* FCTSync */,
				6E92D4C10FA37B58E2416D0A /* FCTOnboarding */,
				9C41E7A20B5D48F1A6E30002 /* FCTScreenshotStudio */,
				A1C0FF11E0A57A5701000020 /* FCTStoreKit */,
				A1C0FF11E0A57A5701000002 /* FCTComponentsUI */,
			);
			productName = VillainArc;
			productReference = FDA193902F16D14500CA57C5 /* VillainArc.app */;
			productType = "com.apple.product-type.application";
		};
		FDACE0032F70000000000003 /* VillainArcWatchApp */ = {
			isa = PBXNativeTarget;
			buildConfigurationList = FDACE0042F70000000000004 /* Build configuration list for PBXNativeTarget "VillainArcWatchApp" */;
			buildPhases = (
				FDACE0072F70000000000007 /* Sources */,
				FDACE0082F70000000000008 /* Frameworks */,
				FDACE0092F70000000000009 /* Resources */,
			);
			buildRules = (
			);
			dependencies = (
			);
			fileSystemSynchronizedGroups = (
				FDACE0022F70000000000002 /* VillainArcWatchApp */,
			);
			name = VillainArcWatchApp;
			productName = VillainArcWatchApp;
			productReference = FDACE0012F70000000000001 /* VillainArcWatchApp.app */;
			productType = "com.apple.product-type.application";
		};
/* End PBXNativeTarget section */

/* Begin PBXProject section */
		FDA193882F16D14500CA57C5 /* Project object */ = {
			isa = PBXProject;
			attributes = {
				BuildIndependentTargetsInParallel = 1;
				LastSwiftUpdateCheck = 2640;
				LastUpgradeCheck = 2640;
				TargetAttributes = {
					FD68245B2F33A712009F6D98 = {
						CreatedOnToolsVersion = 26.3;
						TestTargetID = FDA1938F2F16D14500CA57C5;
					};
					FD6829072F31190700C83480 = {
						CreatedOnToolsVersion = 26.2;
					};
					FD93E5E32F3051FD009569BB = {
						CreatedOnToolsVersion = 26.2;
					};
					FDA1938F2F16D14500CA57C5 = {
						CreatedOnToolsVersion = 26.2;
					};
					FDACE0032F70000000000003 = {
						CreatedOnToolsVersion = 26.3;
					};
				};
			};
			buildConfigurationList = FDA1938B2F16D14500CA57C5 /* Build configuration list for PBXProject "VillainArc" */;
			developmentRegion = en;
			hasScannedForEncodings = 0;
			knownRegions = (
				en,
				Base,
				de,
				es,
				fr,
				it,
				ja,
				ko,
				"pt-BR",
				ru,
				"zh-Hans",
			);
			mainGroup = FDA193872F16D14500CA57C5;
			minimizedProjectReferenceProxies = 1;
			packageReferences = (
				FDAB6AEF2FC769540085E0F0 /* XCRemoteSwiftPackageReference "MuscleMap" */,
				8E2C9513D6521CF43FEBAD14 /* XCLocalSwiftPackageReference "FCTFoundation" */,
			);
			preferredProjectObjectVersion = 77;
			productRefGroup = FDA193912F16D14500CA57C5 /* Products */;
			projectDirPath = "";
			projectRoot = "";
			targets = (
				FDA1938F2F16D14500CA57C5 /* VillainArc */,
				FDACE0032F70000000000003 /* VillainArcWatchApp */,
				FD93E5E32F3051FD009569BB /* VillainArcWidgetExtensionExtension */,
				FD6829072F31190700C83480 /* VillainArcIntentsExtension */,
				FD68245B2F33A712009F6D98 /* VillainArcTests */,
			);
		};
/* End PBXProject section */

/* Begin PBXResourcesBuildPhase section */
		FD68245A2F33A712009F6D98 /* Resources */ = {
			isa = PBXResourcesBuildPhase;
			buildActionMask = 2147483647;
			files = (
			);
			runOnlyForDeploymentPostprocessing = 0;
		};
		FD6829062F31190700C83480 /* Resources */ = {
			isa = PBXResourcesBuildPhase;
			buildActionMask = 2147483647;
			files = (
			);
			runOnlyForDeploymentPostprocessing = 0;
		};
		FD93E5E22F3051FD009569BB /* Resources */ = {
			isa = PBXResourcesBuildPhase;
			buildActionMask = 2147483647;
			files = (
			);
			runOnlyForDeploymentPostprocessing = 0;
		};
		FDA1938E2F16D14500CA57C5 /* Resources */ = {
			isa = PBXResourcesBuildPhase;
			buildActionMask = 2147483647;
			files = (
				354CA66B2F535701005622B1 /* README.md in Resources */,
			);
			runOnlyForDeploymentPostprocessing = 0;
		};
		FDACE0092F70000000000009 /* Resources */ = {
			isa = PBXResourcesBuildPhase;
			buildActionMask = 2147483647;
			files = (
			);
			runOnlyForDeploymentPostprocessing = 0;
		};
/* End PBXResourcesBuildPhase section */

/* Begin PBXSourcesBuildPhase section */
		FD6824582F33A712009F6D98 /* Sources */ = {
			isa = PBXSourcesBuildPhase;
			buildActionMask = 2147483647;
			files = (
			);
			runOnlyForDeploymentPostprocessing = 0;
		};
		FD6829042F31190700C83480 /* Sources */ = {
			isa = PBXSourcesBuildPhase;
			buildActionMask = 2147483647;
			files = (
			);
			runOnlyForDeploymentPostprocessing = 0;
		};
		FD93E5E02F3051FD009569BB /* Sources */ = {
			isa = PBXSourcesBuildPhase;
			buildActionMask = 2147483647;
			files = (
			);
			runOnlyForDeploymentPostprocessing = 0;
		};
		FDA1938C2F16D14500CA57C5 /* Sources */ = {
			isa = PBXSourcesBuildPhase;
			buildActionMask = 2147483647;
			files = (
			);
			runOnlyForDeploymentPostprocessing = 0;
		};
		FDACE0072F70000000000007 /* Sources */ = {
			isa = PBXSourcesBuildPhase;
			buildActionMask = 2147483647;
			files = (
			);
			runOnlyForDeploymentPostprocessing = 0;
		};
/* End PBXSourcesBuildPhase section */

/* Begin PBXTargetDependency section */
		FD6824612F33A712009F6D98 /* PBXTargetDependency */ = {
			isa = PBXTargetDependency;
			target = FDA1938F2F16D14500CA57C5 /* VillainArc */;
			targetProxy = FD6824602F33A712009F6D98 /* PBXContainerItemProxy */;
		};
		FD6829102F31190700C83480 /* PBXTargetDependency */ = {
			isa = PBXTargetDependency;
			target = FD6829072F31190700C83480 /* VillainArcIntentsExtension */;
			targetProxy = FD68290F2F31190700C83480 /* PBXContainerItemProxy */;
		};
		FD93E5F32F3051FD009569BB /* PBXTargetDependency */ = {
			isa = PBXTargetDependency;
			target = FD93E5E32F3051FD009569BB /* VillainArcWidgetExtensionExtension */;
			targetProxy = FD93E5F22F3051FD009569BB /* PBXContainerItemProxy */;
		};
		FDACE00D2F7000000000000D /* PBXTargetDependency */ = {
			isa = PBXTargetDependency;
			target = FDACE0032F70000000000003 /* VillainArcWatchApp */;
			targetProxy = FDACE00C2F7000000000000C /* PBXContainerItemProxy */;
		};
/* End PBXTargetDependency section */

/* Begin XCBuildConfiguration section */
		FD6824622F33A712009F6D98 /* Debug */ = {
			isa = XCBuildConfiguration;
			buildSettings = {
				BUNDLE_LOADER = "$(TEST_HOST)";
				CODE_SIGN_STYLE = Automatic;
				CURRENT_PROJECT_VERSION = 1;
				DEVELOPMENT_TEAM = X26SC78YDG;
				GENERATE_INFOPLIST_FILE = YES;
				IPHONEOS_DEPLOYMENT_TARGET = 27.0;
				MARKETING_VERSION = 2.0;
				PRODUCT_BUNDLE_IDENTIFIER = com.fcttechnologies.VillainArcTests;
				PRODUCT_NAME = "$(TARGET_NAME)";
				STRING_CATALOG_GENERATE_SYMBOLS = NO;
				SUPPORTED_PLATFORMS = "iphoneos iphonesimulator";
				SUPPORTS_MACCATALYST = NO;
				SUPPORTS_MAC_DESIGNED_FOR_IPHONE_IPAD = NO;
				SUPPORTS_XR_DESIGNED_FOR_IPHONE_IPAD = NO;
				SWIFT_APPROACHABLE_CONCURRENCY = YES;
				SWIFT_DEFAULT_ACTOR_ISOLATION = MainActor;
				SWIFT_EMIT_LOC_STRINGS = NO;
				SWIFT_UPCOMING_FEATURE_MEMBER_IMPORT_VISIBILITY = YES;
				SWIFT_VERSION = 6.0;
				TARGETED_DEVICE_FAMILY = 1;
				TEST_HOST = "$(BUILT_PRODUCTS_DIR)/VillainArc.app/$(BUNDLE_EXECUTABLE_FOLDER_PATH)/VillainArc";
			};
			name = Debug;
		};
		FD6824632F33A712009F6D98 /* Release */ = {
			isa = XCBuildConfiguration;
			buildSettings = {
				BUNDLE_LOADER = "$(TEST_HOST)";
				CODE_SIGN_STYLE = Automatic;
				CURRENT_PROJECT_VERSION = 1;
				DEVELOPMENT_TEAM = X26SC78YDG;
				GENERATE_INFOPLIST_FILE = YES;
				IPHONEOS_DEPLOYMENT_TARGET = 27.0;
				MARKETING_VERSION = 2.0;
				PRODUCT_BUNDLE_IDENTIFIER = com.fcttechnologies.VillainArcTests;
				PRODUCT_NAME = "$(TARGET_NAME)";
				STRING_CATALOG_GENERATE_SYMBOLS = NO;
				SUPPORTED_PLATFORMS = "iphoneos iphonesimulator";
				SUPPORTS_MACCATALYST = NO;
				SUPPORTS_MAC_DESIGNED_FOR_IPHONE_IPAD = NO;
				SUPPORTS_XR_DESIGNED_FOR_IPHONE_IPAD = NO;
				SWIFT_APPROACHABLE_CONCURRENCY = YES;
				SWIFT_DEFAULT_ACTOR_ISOLATION = MainActor;
				SWIFT_EMIT_LOC_STRINGS = NO;
				SWIFT_UPCOMING_FEATURE_MEMBER_IMPORT_VISIBILITY = YES;
				SWIFT_VERSION = 6.0;
				TARGETED_DEVICE_FAMILY = 1;
				TEST_HOST = "$(BUILT_PRODUCTS_DIR)/VillainArc.app/$(BUNDLE_EXECUTABLE_FOLDER_PATH)/VillainArc";
			};
			name = Release;
		};
		FD6829132F31190700C83480 /* Debug */ = {
			isa = XCBuildConfiguration;
			buildSettings = {
				CODE_SIGN_ENTITLEMENTS = VillainArcIntentsExtension/VillainArcIntentsExtension.entitlements;
				CODE_SIGN_IDENTITY = "Apple Development";
				CODE_SIGN_STYLE = Automatic;
				CURRENT_PROJECT_VERSION = 1;
				DEVELOPMENT_TEAM = X26SC78YDG;
				GENERATE_INFOPLIST_FILE = YES;
				INFOPLIST_FILE = VillainArcIntentsExtension/Info.plist;
				INFOPLIST_KEY_CFBundleDisplayName = VillainArcIntentsExtension;
				INFOPLIST_KEY_NSHumanReadableCopyright = "";
				IPHONEOS_DEPLOYMENT_TARGET = 27.0;
				LD_RUNPATH_SEARCH_PATHS = (
					"$(inherited)",
					"@executable_path/Frameworks",
					"@executable_path/../../Frameworks",
				);
				MARKETING_VERSION = 2.0;
				LM_SKIP_METADATA_EXTRACTION = YES;
				PRODUCT_BUNDLE_IDENTIFIER = com.fcttechnologies.VillainArc.Intents;
				PRODUCT_NAME = "$(TARGET_NAME)";
				PROVISIONING_PROFILE_SPECIFIER = "";
				SKIP_INSTALL = YES;
				STRING_CATALOG_GENERATE_SYMBOLS = YES;
				SUPPORTED_PLATFORMS = "iphoneos iphonesimulator";
				SUPPORTS_MACCATALYST = NO;
				SUPPORTS_MAC_DESIGNED_FOR_IPHONE_IPAD = NO;
				SUPPORTS_XR_DESIGNED_FOR_IPHONE_IPAD = NO;
				SWIFT_APPROACHABLE_CONCURRENCY = YES;
				SWIFT_DEFAULT_ACTOR_ISOLATION = nonisolated;
				SWIFT_EMIT_LOC_STRINGS = YES;
				SWIFT_UPCOMING_FEATURE_MEMBER_IMPORT_VISIBILITY = YES;
				SWIFT_VERSION = 6.0;
				TARGETED_DEVICE_FAMILY = 1;
			};
			name = Debug;
		};
		FD6829142F31190700C83480 /* Release */ = {
			isa = XCBuildConfiguration;
			buildSettings = {
				CODE_SIGN_ENTITLEMENTS = VillainArcIntentsExtension/VillainArcIntentsExtension.entitlements;
				CODE_SIGN_IDENTITY = "Apple Development";
				CODE_SIGN_STYLE = Automatic;
				CURRENT_PROJECT_VERSION = 1;
				DEVELOPMENT_TEAM = X26SC78YDG;
				GENERATE_INFOPLIST_FILE = YES;
				INFOPLIST_FILE = VillainArcIntentsExtension/Info.plist;
				INFOPLIST_KEY_CFBundleDisplayName = VillainArcIntentsExtension;
				INFOPLIST_KEY_NSHumanReadableCopyright = "";
				IPHONEOS_DEPLOYMENT_TARGET = 27.0;
				LD_RUNPATH_SEARCH_PATHS = (
					"$(inherited)",
					"@executable_path/Frameworks",
					"@executable_path/../../Frameworks",
				);
				MARKETING_VERSION = 2.0;
				LM_SKIP_METADATA_EXTRACTION = YES;
				PRODUCT_BUNDLE_IDENTIFIER = com.fcttechnologies.VillainArc.Intents;
				PRODUCT_NAME = "$(TARGET_NAME)";
				PROVISIONING_PROFILE_SPECIFIER = "";
				SKIP_INSTALL = YES;
				STRING_CATALOG_GENERATE_SYMBOLS = YES;
				SUPPORTED_PLATFORMS = "iphoneos iphonesimulator";
				SUPPORTS_MACCATALYST = NO;
				SUPPORTS_MAC_DESIGNED_FOR_IPHONE_IPAD = NO;
				SUPPORTS_XR_DESIGNED_FOR_IPHONE_IPAD = NO;
				SWIFT_APPROACHABLE_CONCURRENCY = YES;
				SWIFT_DEFAULT_ACTOR_ISOLATION = nonisolated;
				SWIFT_EMIT_LOC_STRINGS = YES;
				SWIFT_UPCOMING_FEATURE_MEMBER_IMPORT_VISIBILITY = YES;
				SWIFT_VERSION = 6.0;
				TARGETED_DEVICE_FAMILY = 1;
			};
			name = Release;
		};
		FD93E5F72F3051FE009569BB /* Debug */ = {
			isa = XCBuildConfiguration;
			buildSettings = {
				ASSETCATALOG_COMPILER_GLOBAL_ACCENT_COLOR_NAME = AccentColor;
				ASSETCATALOG_COMPILER_WIDGET_BACKGROUND_COLOR_NAME = WidgetBackground;
				CODE_SIGN_ENTITLEMENTS = VillainArcWidgetExtensionExtension.entitlements;
				CODE_SIGN_IDENTITY = "Apple Development";
				CODE_SIGN_STYLE = Automatic;
				CURRENT_PROJECT_VERSION = 1;
				DEVELOPMENT_TEAM = X26SC78YDG;
				GENERATE_INFOPLIST_FILE = YES;
				INFOPLIST_FILE = VillainArcWidgetExtension/Info.plist;
				INFOPLIST_KEY_CFBundleDisplayName = VillainArcWidgetExtension;
				INFOPLIST_KEY_NSHumanReadableCopyright = "";
				IPHONEOS_DEPLOYMENT_TARGET = 27.0;
				LD_RUNPATH_SEARCH_PATHS = (
					"$(inherited)",
					"@executable_path/Frameworks",
					"@executable_path/../../Frameworks",
				);
				MARKETING_VERSION = 2.0;
				PRODUCT_BUNDLE_IDENTIFIER = com.fcttechnologies.VillainArc.Widgets;
				PRODUCT_NAME = "$(TARGET_NAME)";
				PROVISIONING_PROFILE_SPECIFIER = "";
				SKIP_INSTALL = YES;
				STRING_CATALOG_GENERATE_SYMBOLS = YES;
				SUPPORTED_PLATFORMS = "iphoneos iphonesimulator";
				SUPPORTS_MACCATALYST = NO;
				SUPPORTS_MAC_DESIGNED_FOR_IPHONE_IPAD = NO;
				SUPPORTS_XR_DESIGNED_FOR_IPHONE_IPAD = NO;
				SWIFT_APPROACHABLE_CONCURRENCY = YES;
				SWIFT_DEFAULT_ACTOR_ISOLATION = MainActor;
				SWIFT_EMIT_LOC_STRINGS = YES;
				SWIFT_UPCOMING_FEATURE_MEMBER_IMPORT_VISIBILITY = YES;
				SWIFT_VERSION = 6.0;
				TARGETED_DEVICE_FAMILY = 1;
			};
			name = Debug;
		};
		FD93E5F82F3051FE009569BB /* Release */ = {
			isa = XCBuildConfiguration;
			buildSettings = {
				ASSETCATALOG_COMPILER_GLOBAL_ACCENT_COLOR_NAME = AccentColor;
				ASSETCATALOG_COMPILER_WIDGET_BACKGROUND_COLOR_NAME = WidgetBackground;
				CODE_SIGN_ENTITLEMENTS = VillainArcWidgetExtensionExtension.entitlements;
				CODE_SIGN_IDENTITY = "Apple Development";
				CODE_SIGN_STYLE = Automatic;
				CURRENT_PROJECT_VERSION = 1;
				DEVELOPMENT_TEAM = X26SC78YDG;
				GENERATE_INFOPLIST_FILE = YES;
				INFOPLIST_FILE = VillainArcWidgetExtension/Info.plist;
				INFOPLIST_KEY_CFBundleDisplayName = VillainArcWidgetExtension;
				INFOPLIST_KEY_NSHumanReadableCopyright = "";
				IPHONEOS_DEPLOYMENT_TARGET = 27.0;
				LD_RUNPATH_SEARCH_PATHS = (
					"$(inherited)",
					"@executable_path/Frameworks",
					"@executable_path/../../Frameworks",
				);
				MARKETING_VERSION = 2.0;
				PRODUCT_BUNDLE_IDENTIFIER = com.fcttechnologies.VillainArc.Widgets;
				PRODUCT_NAME = "$(TARGET_NAME)";
				PROVISIONING_PROFILE_SPECIFIER = "";
				SKIP_INSTALL = YES;
				STRING_CATALOG_GENERATE_SYMBOLS = YES;
				SUPPORTED_PLATFORMS = "iphoneos iphonesimulator";
				SUPPORTS_MACCATALYST = NO;
				SUPPORTS_MAC_DESIGNED_FOR_IPHONE_IPAD = NO;
				SUPPORTS_XR_DESIGNED_FOR_IPHONE_IPAD = NO;
				SWIFT_APPROACHABLE_CONCURRENCY = YES;
				SWIFT_DEFAULT_ACTOR_ISOLATION = MainActor;
				SWIFT_EMIT_LOC_STRINGS = YES;
				SWIFT_UPCOMING_FEATURE_MEMBER_IMPORT_VISIBILITY = YES;
				SWIFT_VERSION = 6.0;
				TARGETED_DEVICE_FAMILY = 1;
			};
			name = Release;
		};
		FDA193992F16D14600CA57C5 /* Debug */ = {
			isa = XCBuildConfiguration;
			buildSettings = {
				ALWAYS_SEARCH_USER_PATHS = NO;
				ASSETCATALOG_COMPILER_GENERATE_SWIFT_ASSET_SYMBOL_EXTENSIONS = YES;
				CLANG_ANALYZER_LOCALIZABILITY_NONLOCALIZED = YES;
				CLANG_ANALYZER_NONNULL = YES;
				CLANG_ANALYZER_NUMBER_OBJECT_CONVERSION = YES_AGGRESSIVE;
				CLANG_CXX_LANGUAGE_STANDARD = "gnu++20";
				CLANG_ENABLE_MODULES = YES;
				CLANG_ENABLE_OBJC_ARC = YES;
				CLANG_ENABLE_OBJC_WEAK = YES;
				CLANG_WARN_BLOCK_CAPTURE_AUTORELEASING = YES;
				CLANG_WARN_BOOL_CONVERSION = YES;
				CLANG_WARN_COMMA = YES;
				CLANG_WARN_CONSTANT_CONVERSION = YES;
				CLANG_WARN_DEPRECATED_OBJC_IMPLEMENTATIONS = YES;
				CLANG_WARN_DIRECT_OBJC_ISA_USAGE = YES_ERROR;
				CLANG_WARN_DOCUMENTATION_COMMENTS = YES;
				CLANG_WARN_EMPTY_BODY = YES;
				CLANG_WARN_ENUM_CONVERSION = YES;
				CLANG_WARN_INFINITE_RECURSION = YES;
				CLANG_WARN_INT_CONVERSION = YES;
				CLANG_WARN_NON_LITERAL_NULL_CONVERSION = YES;
				CLANG_WARN_OBJC_IMPLICIT_RETAIN_SELF = YES;
				CLANG_WARN_OBJC_LITERAL_CONVERSION = YES;
				CLANG_WARN_OBJC_ROOT_CLASS = YES_ERROR;
				CLANG_WARN_QUOTED_INCLUDE_IN_FRAMEWORK_HEADER = YES;
				CLANG_WARN_RANGE_LOOP_ANALYSIS = YES;
				CLANG_WARN_STRICT_PROTOTYPES = YES;
				CLANG_WARN_SUSPICIOUS_MOVE = YES;
				CLANG_WARN_UNGUARDED_AVAILABILITY = YES_AGGRESSIVE;
				CLANG_WARN_UNREACHABLE_CODE = YES;
				CLANG_WARN__DUPLICATE_METHOD_MATCH = YES;
				COMPILATION_CACHE_ENABLE_CACHING = YES;
				COPY_PHASE_STRIP = NO;
				DEBUG_INFORMATION_FORMAT = dwarf;
				DEVELOPMENT_TEAM = X26SC78YDG;
				EAGER_LINKING = YES;
				ENABLE_ENHANCED_SECURITY = YES;
				ENABLE_STRICT_OBJC_MSGSEND = YES;
				ENABLE_TESTABILITY = YES;
				ENABLE_USER_SCRIPT_SANDBOXING = YES;
				GCC_C_LANGUAGE_STANDARD = gnu17;
				GCC_DYNAMIC_NO_PIC = NO;
				GCC_NO_COMMON_BLOCKS = YES;
				GCC_OPTIMIZATION_LEVEL = 0;
				GCC_PREPROCESSOR_DEFINITIONS = (
					"DEBUG=1",
					"$(inherited)",
				);
				GCC_WARN_64_TO_32_BIT_CONVERSION = YES;
				GCC_WARN_ABOUT_RETURN_TYPE = YES_ERROR;
				GCC_WARN_UNDECLARED_SELECTOR = YES;
				GCC_WARN_UNINITIALIZED_AUTOS = YES_AGGRESSIVE;
				GCC_WARN_UNUSED_FUNCTION = YES;
				GCC_WARN_UNUSED_VARIABLE = YES;
				IPHONEOS_DEPLOYMENT_TARGET = 27.0;
				LOCALIZATION_PREFERS_STRING_CATALOGS = YES;
				MTL_ENABLE_DEBUG_INFO = INCLUDE_SOURCE;
				MTL_FAST_MATH = YES;
				ONLY_ACTIVE_ARCH = YES;
				SDKROOT = iphoneos;
				STRING_CATALOG_GENERATE_SYMBOLS = YES;
				SWIFT_ACTIVE_COMPILATION_CONDITIONS = "DEBUG $(inherited)";
				SWIFT_OPTIMIZATION_LEVEL = "-Onone";
				SWIFT_STRICT_MEMORY_SAFETY = YES;
			};
			name = Debug;
		};
		FDA1939A2F16D14600CA57C5 /* Release */ = {
			isa = XCBuildConfiguration;
			buildSettings = {
				ALWAYS_SEARCH_USER_PATHS = NO;
				ASSETCATALOG_COMPILER_GENERATE_SWIFT_ASSET_SYMBOL_EXTENSIONS = YES;
				CLANG_ANALYZER_LOCALIZABILITY_NONLOCALIZED = YES;
				CLANG_ANALYZER_NONNULL = YES;
				CLANG_ANALYZER_NUMBER_OBJECT_CONVERSION = YES_AGGRESSIVE;
				CLANG_CXX_LANGUAGE_STANDARD = "gnu++20";
				CLANG_ENABLE_MODULES = YES;
				CLANG_ENABLE_OBJC_ARC = YES;
				CLANG_ENABLE_OBJC_WEAK = YES;
				CLANG_WARN_BLOCK_CAPTURE_AUTORELEASING = YES;
				CLANG_WARN_BOOL_CONVERSION = YES;
				CLANG_WARN_COMMA = YES;
				CLANG_WARN_CONSTANT_CONVERSION = YES;
				CLANG_WARN_DEPRECATED_OBJC_IMPLEMENTATIONS = YES;
				CLANG_WARN_DIRECT_OBJC_ISA_USAGE = YES_ERROR;
				CLANG_WARN_DOCUMENTATION_COMMENTS = YES;
				CLANG_WARN_EMPTY_BODY = YES;
				CLANG_WARN_ENUM_CONVERSION = YES;
				CLANG_WARN_INFINITE_RECURSION = YES;
				CLANG_WARN_INT_CONVERSION = YES;
				CLANG_WARN_NON_LITERAL_NULL_CONVERSION = YES;
				CLANG_WARN_OBJC_IMPLICIT_RETAIN_SELF = YES;
				CLANG_WARN_OBJC_LITERAL_CONVERSION = YES;
				CLANG_WARN_OBJC_ROOT_CLASS = YES_ERROR;
				CLANG_WARN_QUOTED_INCLUDE_IN_FRAMEWORK_HEADER = YES;
				CLANG_WARN_RANGE_LOOP_ANALYSIS = YES;
				CLANG_WARN_STRICT_PROTOTYPES = YES;
				CLANG_WARN_SUSPICIOUS_MOVE = YES;
				CLANG_WARN_UNGUARDED_AVAILABILITY = YES_AGGRESSIVE;
				CLANG_WARN_UNREACHABLE_CODE = YES;
				CLANG_WARN__DUPLICATE_METHOD_MATCH = YES;
				COMPILATION_CACHE_ENABLE_CACHING = YES;
				COPY_PHASE_STRIP = NO;
				DEBUG_INFORMATION_FORMAT = "dwarf-with-dsym";
				DEVELOPMENT_TEAM = X26SC78YDG;
				ENABLE_ENHANCED_SECURITY = YES;
				ENABLE_NS_ASSERTIONS = NO;
				ENABLE_STRICT_OBJC_MSGSEND = YES;
				ENABLE_USER_SCRIPT_SANDBOXING = YES;
				GCC_C_LANGUAGE_STANDARD = gnu17;
				GCC_NO_COMMON_BLOCKS = YES;
				GCC_WARN_64_TO_32_BIT_CONVERSION = YES;
				GCC_WARN_ABOUT_RETURN_TYPE = YES_ERROR;
				GCC_WARN_UNDECLARED_SELECTOR = YES;
				GCC_WARN_UNINITIALIZED_AUTOS = YES_AGGRESSIVE;
				GCC_WARN_UNUSED_FUNCTION = YES;
				GCC_WARN_UNUSED_VARIABLE = YES;
				IPHONEOS_DEPLOYMENT_TARGET = 27.0;
				LOCALIZATION_PREFERS_STRING_CATALOGS = YES;
				MTL_ENABLE_DEBUG_INFO = NO;
				MTL_FAST_MATH = YES;
				SDKROOT = iphoneos;
				STRING_CATALOG_GENERATE_SYMBOLS = YES;
				SWIFT_COMPILATION_MODE = wholemodule;
				SWIFT_STRICT_MEMORY_SAFETY = YES;
				VALIDATE_PRODUCT = YES;
			};
			name = Release;
		};
		FDA1939C2F16D14600CA57C5 /* Debug */ = {
			isa = XCBuildConfiguration;
			buildSettings = {
				ASSETCATALOG_COMPILER_APPICON_NAME = AppIcon;
				ASSETCATALOG_COMPILER_GLOBAL_ACCENT_COLOR_NAME = AccentColor;
				CODE_SIGN_ENTITLEMENTS = VillainArc/VillainArc.entitlements;
				CODE_SIGN_IDENTITY = "Apple Development";
				CODE_SIGN_STYLE = Automatic;
				CURRENT_PROJECT_VERSION = 1;
				DEVELOPMENT_TEAM = X26SC78YDG;
				ENABLE_PREVIEWS = YES;
				GENERATE_INFOPLIST_FILE = YES;
				INFOPLIST_FILE = VillainArc/Info.plist;
				INFOPLIST_KEY_CFBundleDisplayName = "Villain Arc";
				INFOPLIST_KEY_ITSAppUsesNonExemptEncryption = NO;
				INFOPLIST_KEY_LSApplicationCategoryType = "public.app-category.healthcare-fitness";
				INFOPLIST_KEY_NSCameraUsageDescription = "Villain Arc uses the camera so you can take a profile photo. The photo is stored in your private FCT account so it reaches your other devices.";
				INFOPLIST_KEY_NSHealthShareUsageDescription = "Villain Arc reads your workouts, body weight, sleep, steps, distance, energy, heart metrics, respiratory rate, wrist temperature, hydration, routes, and related workout metrics so it can show workout details and Health history inside the app.";
				INFOPLIST_KEY_NSHealthUpdateUsageDescription = "Villain Arc saves your completed workouts, body weight entries, and hydration entries to Apple Health so your workout history, progress, and water intake stay in sync.";
				INFOPLIST_KEY_NSPhotoLibraryUsageDescription = "Villain Arc uses your photo library so you can choose a profile photo. The photo is stored in your private FCT account so it reaches your other devices.";
				INFOPLIST_KEY_NSSupportsLiveActivities = YES;
				INFOPLIST_KEY_UIApplicationSceneManifest_Generation = YES;
				INFOPLIST_KEY_UIApplicationSupportsIndirectInputEvents = YES;
				INFOPLIST_KEY_UILaunchScreen_Generation = YES;
				INFOPLIST_KEY_UISupportedInterfaceOrientations = "UIInterfaceOrientationPortrait UIInterfaceOrientationPortraitUpsideDown";
				INFOPLIST_KEY_UISupportedInterfaceOrientations_iPad = "UIInterfaceOrientationLandscapeLeft UIInterfaceOrientationLandscapeRight UIInterfaceOrientationPortrait UIInterfaceOrientationPortraitUpsideDown";
				IPHONEOS_DEPLOYMENT_TARGET = 27.0;
				LD_RUNPATH_SEARCH_PATHS = (
					"$(inherited)",
					"@executable_path/Frameworks",
				);
				MARKETING_VERSION = 2.0;
				PRODUCT_BUNDLE_IDENTIFIER = com.fcttechnologies.VillainArc;
				PRODUCT_NAME = "$(TARGET_NAME)";
				PROVISIONING_PROFILE_SPECIFIER = "";
				STRING_CATALOG_GENERATE_SYMBOLS = YES;
				SUPPORTED_PLATFORMS = "iphoneos iphonesimulator";
				SUPPORTS_MACCATALYST = NO;
				SUPPORTS_MAC_DESIGNED_FOR_IPHONE_IPAD = NO;
				SUPPORTS_XR_DESIGNED_FOR_IPHONE_IPAD = NO;
				SWIFT_APPROACHABLE_CONCURRENCY = YES;
				SWIFT_DEFAULT_ACTOR_ISOLATION = MainActor;
				SWIFT_EMIT_LOC_STRINGS = YES;
				SWIFT_UPCOMING_FEATURE_MEMBER_IMPORT_VISIBILITY = YES;
				SWIFT_VERSION = 6.0;
				TARGETED_DEVICE_FAMILY = 1;
			};
			name = Debug;
		};
		FDA1939D2F16D14600CA57C5 /* Release */ = {
			isa = XCBuildConfiguration;
			buildSettings = {
				ASSETCATALOG_COMPILER_APPICON_NAME = AppIcon;
				ASSETCATALOG_COMPILER_GLOBAL_ACCENT_COLOR_NAME = AccentColor;
				CODE_SIGN_ENTITLEMENTS = VillainArc/VillainArc.entitlements;
				CODE_SIGN_IDENTITY = "Apple Development";
				CODE_SIGN_STYLE = Automatic;
				CURRENT_PROJECT_VERSION = 1;
				DEVELOPMENT_TEAM = X26SC78YDG;
				ENABLE_PREVIEWS = YES;
				GENERATE_INFOPLIST_FILE = YES;
				INFOPLIST_FILE = VillainArc/Info.plist;
				INFOPLIST_KEY_CFBundleDisplayName = "Villain Arc";
				INFOPLIST_KEY_ITSAppUsesNonExemptEncryption = NO;
				INFOPLIST_KEY_LSApplicationCategoryType = "public.app-category.healthcare-fitness";
				INFOPLIST_KEY_NSCameraUsageDescription = "Villain Arc uses the camera so you can take a profile photo. The photo is stored in your private FCT account so it reaches your other devices.";
				INFOPLIST_KEY_NSHealthShareUsageDescription = "Villain Arc reads your workouts, body weight, sleep, steps, distance, energy, heart metrics, respiratory rate, wrist temperature, hydration, routes, and related workout metrics so it can show workout details and Health history inside the app.";
				INFOPLIST_KEY_NSHealthUpdateUsageDescription = "Villain Arc saves your completed workouts, body weight entries, and hydration entries to Apple Health so your workout history, progress, and water intake stay in sync.";
				INFOPLIST_KEY_NSPhotoLibraryUsageDescription = "Villain Arc uses your photo library so you can choose a profile photo. The photo is stored in your private FCT account so it reaches your other devices.";
				INFOPLIST_KEY_NSSupportsLiveActivities = YES;
				INFOPLIST_KEY_UIApplicationSceneManifest_Generation = YES;
				INFOPLIST_KEY_UIApplicationSupportsIndirectInputEvents = YES;
				INFOPLIST_KEY_UILaunchScreen_Generation = YES;
				INFOPLIST_KEY_UISupportedInterfaceOrientations = "UIInterfaceOrientationPortrait UIInterfaceOrientationPortraitUpsideDown";
				INFOPLIST_KEY_UISupportedInterfaceOrientations_iPad = "UIInterfaceOrientationLandscapeLeft UIInterfaceOrientationLandscapeRight UIInterfaceOrientationPortrait UIInterfaceOrientationPortraitUpsideDown";
				IPHONEOS_DEPLOYMENT_TARGET = 27.0;
				LD_RUNPATH_SEARCH_PATHS = (
					"$(inherited)",
					"@executable_path/Frameworks",
				);
				MARKETING_VERSION = 2.0;
				PRODUCT_BUNDLE_IDENTIFIER = com.fcttechnologies.VillainArc;
				PRODUCT_NAME = "$(TARGET_NAME)";
				PROVISIONING_PROFILE_SPECIFIER = "";
				STRING_CATALOG_GENERATE_SYMBOLS = YES;
				SUPPORTED_PLATFORMS = "iphoneos iphonesimulator";
				SUPPORTS_MACCATALYST = NO;
				SUPPORTS_MAC_DESIGNED_FOR_IPHONE_IPAD = NO;
				SUPPORTS_XR_DESIGNED_FOR_IPHONE_IPAD = NO;
				SWIFT_APPROACHABLE_CONCURRENCY = YES;
				SWIFT_DEFAULT_ACTOR_ISOLATION = MainActor;
				SWIFT_EMIT_LOC_STRINGS = YES;
				SWIFT_UPCOMING_FEATURE_MEMBER_IMPORT_VISIBILITY = YES;
				SWIFT_VERSION = 6.0;
				TARGETED_DEVICE_FAMILY = 1;
			};
			name = Release;
		};
		FDACE0052F70000000000005 /* Debug */ = {
			isa = XCBuildConfiguration;
			buildSettings = {
				ASSETCATALOG_COMPILER_APPICON_NAME = AppIcon;
				ASSETCATALOG_COMPILER_GLOBAL_ACCENT_COLOR_NAME = AccentColor;
				CODE_SIGN_STYLE = Automatic;
				CURRENT_PROJECT_VERSION = 1;
				DEVELOPMENT_TEAM = X26SC78YDG;
				ENABLE_PREVIEWS = YES;
				GENERATE_INFOPLIST_FILE = YES;
				INFOPLIST_KEY_CFBundleDisplayName = "Villain Arc";
				INFOPLIST_KEY_UISupportedInterfaceOrientations = "UIInterfaceOrientationPortrait UIInterfaceOrientationPortraitUpsideDown";
				INFOPLIST_KEY_WKApplication = YES;
				INFOPLIST_KEY_WKCompanionAppBundleIdentifier = com.fcttechnologies.VillainArc;
				LD_RUNPATH_SEARCH_PATHS = (
					"$(inherited)",
					"@executable_path/Frameworks",
				);
				MARKETING_VERSION = 2.0;
				PRODUCT_BUNDLE_IDENTIFIER = com.fcttechnologies.VillainArc.Watch;
				PRODUCT_NAME = "$(TARGET_NAME)";
				SDKROOT = watchos;
				SKIP_INSTALL = YES;
				STRING_CATALOG_GENERATE_SYMBOLS = NO;
				SUPPORTED_PLATFORMS = "watchos watchsimulator";
				SWIFT_APPROACHABLE_CONCURRENCY = YES;
				SWIFT_DEFAULT_ACTOR_ISOLATION = MainActor;
				SWIFT_EMIT_LOC_STRINGS = YES;
				SWIFT_UPCOMING_FEATURE_MEMBER_IMPORT_VISIBILITY = YES;
				SWIFT_VERSION = 6.0;
				TARGETED_DEVICE_FAMILY = 4;
				WATCHOS_DEPLOYMENT_TARGET = 26.0;
			};
			name = Debug;
		};
		FDACE0062F70000000000006 /* Release */ = {
			isa = XCBuildConfiguration;
			buildSettings = {
				ASSETCATALOG_COMPILER_APPICON_NAME = AppIcon;
				ASSETCATALOG_COMPILER_GLOBAL_ACCENT_COLOR_NAME = AccentColor;
				CODE_SIGN_STYLE = Automatic;
				CURRENT_PROJECT_VERSION = 1;
				DEVELOPMENT_TEAM = X26SC78YDG;
				ENABLE_PREVIEWS = YES;
				GENERATE_INFOPLIST_FILE = YES;
				INFOPLIST_KEY_CFBundleDisplayName = "Villain Arc";
				INFOPLIST_KEY_UISupportedInterfaceOrientations = "UIInterfaceOrientationPortrait UIInterfaceOrientationPortraitUpsideDown";
				INFOPLIST_KEY_WKApplication = YES;
				INFOPLIST_KEY_WKCompanionAppBundleIdentifier = com.fcttechnologies.VillainArc;
				LD_RUNPATH_SEARCH_PATHS = (
					"$(inherited)",
					"@executable_path/Frameworks",
				);
				MARKETING_VERSION = 2.0;
				PRODUCT_BUNDLE_IDENTIFIER = com.fcttechnologies.VillainArc.Watch;
				PRODUCT_NAME = "$(TARGET_NAME)";
				SDKROOT = watchos;
				SKIP_INSTALL = YES;
				STRING_CATALOG_GENERATE_SYMBOLS = NO;
				SUPPORTED_PLATFORMS = "watchos watchsimulator";
				SWIFT_APPROACHABLE_CONCURRENCY = YES;
				SWIFT_DEFAULT_ACTOR_ISOLATION = MainActor;
				SWIFT_EMIT_LOC_STRINGS = YES;
				SWIFT_UPCOMING_FEATURE_MEMBER_IMPORT_VISIBILITY = YES;
				SWIFT_VERSION = 6.0;
				TARGETED_DEVICE_FAMILY = 4;
				VALIDATE_PRODUCT = YES;
				WATCHOS_DEPLOYMENT_TARGET = 26.0;
			};
			name = Release;
		};
/* End XCBuildConfiguration section */

/* Begin XCConfigurationList section */
		FD6824642F33A712009F6D98 /* Build configuration list for PBXNativeTarget "VillainArcTests" */ = {
			isa = XCConfigurationList;
			buildConfigurations = (
				FD6824622F33A712009F6D98 /* Debug */,
				FD6824632F33A712009F6D98 /* Release */,
			);
			defaultConfigurationIsVisible = 0;
			defaultConfigurationName = Release;
		};
		FD6829122F31190700C83480 /* Build configuration list for PBXNativeTarget "VillainArcIntentsExtension" */ = {
			isa = XCConfigurationList;
			buildConfigurations = (
				FD6829132F31190700C83480 /* Debug */,
				FD6829142F31190700C83480 /* Release */,
			);
			defaultConfigurationIsVisible = 0;
			defaultConfigurationName = Release;
		};
		FD93E5F62F3051FE009569BB /* Build configuration list for PBXNativeTarget "VillainArcWidgetExtensionExtension" */ = {
			isa = XCConfigurationList;
			buildConfigurations = (
				FD93E5F72F3051FE009569BB /* Debug */,
				FD93E5F82F3051FE009569BB /* Release */,
			);
			defaultConfigurationIsVisible = 0;
			defaultConfigurationName = Release;
		};
		FDA1938B2F16D14500CA57C5 /* Build configuration list for PBXProject "VillainArc" */ = {
			isa = XCConfigurationList;
			buildConfigurations = (
				FDA193992F16D14600CA57C5 /* Debug */,
				FDA1939A2F16D14600CA57C5 /* Release */,
			);
			defaultConfigurationIsVisible = 0;
			defaultConfigurationName = Release;
		};
		FDA1939B2F16D14600CA57C5 /* Build configuration list for PBXNativeTarget "VillainArc" */ = {
			isa = XCConfigurationList;
			buildConfigurations = (
				FDA1939C2F16D14600CA57C5 /* Debug */,
				FDA1939D2F16D14600CA57C5 /* Release */,
			);
			defaultConfigurationIsVisible = 0;
			defaultConfigurationName = Release;
		};
		FDACE0042F70000000000004 /* Build configuration list for PBXNativeTarget "VillainArcWatchApp" */ = {
			isa = XCConfigurationList;
			buildConfigurations = (
				FDACE0052F70000000000005 /* Debug */,
				FDACE0062F70000000000006 /* Release */,
			);
			defaultConfigurationIsVisible = 0;
			defaultConfigurationName = Release;
		};
/* End XCConfigurationList section */

/* Begin XCLocalSwiftPackageReference section */
		8E2C9513D6521CF43FEBAD14 /* XCLocalSwiftPackageReference "FCTFoundation" */ = {
			isa = XCLocalSwiftPackageReference;
			relativePath = ../FCTFoundation;
		};
/* End XCLocalSwiftPackageReference section */

/* Begin XCRemoteSwiftPackageReference section */
		FDAB6AEF2FC769540085E0F0 /* XCRemoteSwiftPackageReference "MuscleMap" */ = {
			isa = XCRemoteSwiftPackageReference;
			repositoryURL = "https://github.com/melihcolpan/MuscleMap";
			requirement = {
				kind = upToNextMajorVersion;
				minimumVersion = 1.6.4;
			};
		};
/* End XCRemoteSwiftPackageReference section */

/* Begin XCSwiftPackageProductDependency section */
		FEB01967AEAA81A937A68611 /* FCTMetrics */ = {
			isa = XCSwiftPackageProductDependency;
			package = 8E2C9513D6521CF43FEBAD14 /* XCLocalSwiftPackageReference "FCTFoundation" */;
			productName = FCTMetrics;
		};
		F11105FC542AECB144717350 /* FCTSupport */ = {
			isa = XCSwiftPackageProductDependency;
			package = 8E2C9513D6521CF43FEBAD14 /* XCLocalSwiftPackageReference "FCTFoundation" */;
			productName = FCTSupport;
		};
		A1C0FF11E0A57A5701000010 /* FCTFeedback */ = {
			isa = XCSwiftPackageProductDependency;
			package = 8E2C9513D6521CF43FEBAD14 /* XCLocalSwiftPackageReference "FCTFoundation" */;
			productName = FCTFeedback;
		};
		A1C0FF11E0A57A5701000002 /* FCTComponentsUI */ = {
			isa = XCSwiftPackageProductDependency;
			package = 8E2C9513D6521CF43FEBAD14 /* XCLocalSwiftPackageReference "FCTFoundation" */;
			productName = FCTComponentsUI;
		};
		A1C0FF11E0A57A5701000004 /* FCTComponentsUI */ = {
			isa = XCSwiftPackageProductDependency;
			package = 8E2C9513D6521CF43FEBAD14 /* XCLocalSwiftPackageReference "FCTFoundation" */;
			productName = FCTComponentsUI;
		};
		D8FA06B6B7B5CF17A2DD9909 /* FCTAccount */ = {
			isa = XCSwiftPackageProductDependency;
			package = 8E2C9513D6521CF43FEBAD14 /* XCLocalSwiftPackageReference "FCTFoundation" */;
			productName = FCTAccount;
		};
		EF85D33CF5A4BA9547AE5489 /* FCTAccount */ = {
			isa = XCSwiftPackageProductDependency;
			package = 8E2C9513D6521CF43FEBAD14 /* XCLocalSwiftPackageReference "FCTFoundation" */;
			productName = FCTAccount;
		};
		F9462B24032FEF4C537E2AA3 /* FCTServerSync */ = {
			isa = XCSwiftPackageProductDependency;
			package = 8E2C9513D6521CF43FEBAD14 /* XCLocalSwiftPackageReference "FCTFoundation" */;
			productName = FCTServerSync;
		};
		4501DEBEAC5182DF503EC78A /* FCTServerSync */ = {
			isa = XCSwiftPackageProductDependency;
			package = 8E2C9513D6521CF43FEBAD14 /* XCLocalSwiftPackageReference "FCTFoundation" */;
			productName = FCTServerSync;
		};
		43BB4D57414397C10B87CD9A /* FCTBlobSync */ = {
			isa = XCSwiftPackageProductDependency;
			package = 8E2C9513D6521CF43FEBAD14 /* XCLocalSwiftPackageReference "FCTFoundation" */;
			productName = FCTBlobSync;
		};
		CC25C248A441F993B2DBA2C8 /* FCTBlobSync */ = {
			isa = XCSwiftPackageProductDependency;
			package = 8E2C9513D6521CF43FEBAD14 /* XCLocalSwiftPackageReference "FCTFoundation" */;
			productName = FCTBlobSync;
		};
		D05DFE91FD16B53C66014B6C /* FCTMetrics */ = {
			isa = XCSwiftPackageProductDependency;
			package = 8E2C9513D6521CF43FEBAD14 /* XCLocalSwiftPackageReference "FCTFoundation" */;
			productName = FCTMetrics;
		};
		C55DDEE9DDDBB1CE8AA7EF6E /* FCTServerSyncTesting */ = {
			isa = XCSwiftPackageProductDependency;
			package = 8E2C9513D6521CF43FEBAD14 /* XCLocalSwiftPackageReference "FCTFoundation" */;
			productName = FCTServerSyncTesting;
		};
		AC256FCF36A769C079EE33D1 /* FCTBlobSyncTesting */ = {
			isa = XCSwiftPackageProductDependency;
			package = 8E2C9513D6521CF43FEBAD14 /* XCLocalSwiftPackageReference "FCTFoundation" */;
			productName = FCTBlobSyncTesting;
		};
		254EA949EE4842D7AF0AE15A /* FCTIntelligence */ = {
			isa = XCSwiftPackageProductDependency;
			package = 8E2C9513D6521CF43FEBAD14 /* XCLocalSwiftPackageReference "FCTFoundation" */;
			productName = FCTIntelligence;
		};
		57CA85F33D542E5A71727A42 /* FCTSync */ = {
			isa = XCSwiftPackageProductDependency;
			package = 8E2C9513D6521CF43FEBAD14 /* XCLocalSwiftPackageReference "FCTFoundation" */;
			productName = FCTSync;
		};
		B4373FF459A151B3B305FDAA /* FCTEntities */ = {
			isa = XCSwiftPackageProductDependency;
			package = 8E2C9513D6521CF43FEBAD14 /* XCLocalSwiftPackageReference "FCTFoundation" */;
			productName = FCTEntities;
		};
		C382025D55A14347E9C351BD /* FCTEntities */ = {
			isa = XCSwiftPackageProductDependency;
			package = 8E2C9513D6521CF43FEBAD14 /* XCLocalSwiftPackageReference "FCTFoundation" */;
			productName = FCTEntities;
		};
		C5EC413C794E0ED7DF5B6881 /* FCTSync */ = {
			isa = XCSwiftPackageProductDependency;
			package = 8E2C9513D6521CF43FEBAD14 /* XCLocalSwiftPackageReference "FCTFoundation" */;
			productName = FCTSync;
		};
		D9589A0FAF7667BC425CCA9A /* FCTSync */ = {
			isa = XCSwiftPackageProductDependency;
			package = 8E2C9513D6521CF43FEBAD14 /* XCLocalSwiftPackageReference "FCTFoundation" */;
			productName = FCTSync;
		};
		EF47D003449BB9F5A885E3F4 /* FCTEntities */ = {
			isa = XCSwiftPackageProductDependency;
			package = 8E2C9513D6521CF43FEBAD14 /* XCLocalSwiftPackageReference "FCTFoundation" */;
			productName = FCTEntities;
		};
		6E92D4C10FA37B58E2416D0A /* FCTOnboarding */ = {
			isa = XCSwiftPackageProductDependency;
			package = 8E2C9513D6521CF43FEBAD14 /* XCLocalSwiftPackageReference "FCTFoundation" */;
			productName = FCTOnboarding;
		};
		9C41E7A20B5D48F1A6E30002 /* FCTScreenshotStudio */ = {
			isa = XCSwiftPackageProductDependency;
			package = 8E2C9513D6521CF43FEBAD14 /* XCLocalSwiftPackageReference "FCTFoundation" */;
			productName = FCTScreenshotStudio;
		};
		A1C0FF11E0A57A5701000020 /* FCTStoreKit */ = {
			isa = XCSwiftPackageProductDependency;
			package = 8E2C9513D6521CF43FEBAD14 /* XCLocalSwiftPackageReference "FCTFoundation" */;
			productName = FCTStoreKit;
		};
		A1C0FF11E0A57A5701000022 /* FCTStoreKitTesting */ = {
			isa = XCSwiftPackageProductDependency;
			package = 8E2C9513D6521CF43FEBAD14 /* XCLocalSwiftPackageReference "FCTFoundation" */;
			productName = FCTStoreKitTesting;
		};
		FDAB6AF02FC769540085E0F0 /* MuscleMap */ = {
			isa = XCSwiftPackageProductDependency;
			package = FDAB6AEF2FC769540085E0F0 /* XCRemoteSwiftPackageReference "MuscleMap" */;
			productName = MuscleMap;
		};
		4DFA0218535E4C26833BDE8F /* FCTAccountProfile */ = {
			isa = XCSwiftPackageProductDependency;
			package = 8E2C9513D6521CF43FEBAD14 /* XCLocalSwiftPackageReference "FCTFoundation" */;
			productName = FCTAccountProfile;
		};
		9EEA8D34579A4F0E97118B04 /* FCTAccountProfile */ = {
			isa = XCSwiftPackageProductDependency;
			package = 8E2C9513D6521CF43FEBAD14 /* XCLocalSwiftPackageReference "FCTFoundation" */;
			productName = FCTAccountProfile;
		};
		46A67251246C45D298B6997B /* FCTAccountProfile */ = {
			isa = XCSwiftPackageProductDependency;
			package = 8E2C9513D6521CF43FEBAD14 /* XCLocalSwiftPackageReference "FCTFoundation" */;
			productName = FCTAccountProfile;
		};
/* End XCSwiftPackageProductDependency section */
	};
	rootObject = FDA193882F16D14500CA57C5 /* Project object */;
}
